// !$*UTF8*$!
{
	archiveVersion = 1;
	classes = {
	};
	objectVersion = 77;
	objects = {

/* Begin PBXBuildFile section */
		013B9FC482237F2D4F339739 /* DashboardPublicHolidayExplanationService.swift in Sources */ = {isa = PBXBuildFile; fileRef = 5A55CAAB4D2D33098BEFB97A /* DashboardPublicHolidayExplanationService.swift */; };
		06E33DD4ED6CCAE1245318FB /* Sparkle in Frameworks */ = {isa = PBXBuildFile; productRef = 0E4DA79CEF8E748BA3E23EAA /* Sparkle */; };
		0AC06494C1C76476946760E9 /* TmuxSessionService.swift in Sources */ = {isa = PBXBuildFile; fileRef = 85468FEB38AFD3921127A060 /* TmuxSessionService.swift */; };
		0BB860B254C7F78CEEC21A5B /* ClipboardPasswordSuggestionOverlay.swift in Sources */ = {isa = PBXBuildFile; fileRef = 536C10D58B577BC3DF9EE13E /* ClipboardPasswordSuggestionOverlay.swift */; };
		0DF76E6C3FFC27AFE1D7BCFC /* CalendarKit in Frameworks */ = {isa = PBXBuildFile; productRef = 0663CFC119484D7BD11FB843 /* CalendarKit */; };
		0DF8DBEBA58E40936F22C450 /* AccountCenterView.swift in Sources */ = {isa = PBXBuildFile; fileRef = 69A7BEC28EFE1D402738D081 /* AccountCenterView.swift */; };
		1009C3EAC35EB16973A02E97 /* DatabaseKit in Frameworks */ = {isa = PBXBuildFile; productRef = DAECE07451118013D6E717ED /* DatabaseKit */; };
		12B2BE20B4F0B35D21701EE6 /* MenuBarNucleusMark.swift in Sources */ = {isa = PBXBuildFile; fileRef = A5293EFD704186720E36251C /* MenuBarNucleusMark.swift */; };
		194D73C14442409686DEF2AE /* ClipboardWorkspaceView.swift in Sources */ = {isa = PBXBuildFile; fileRef = C643F64124025FA6F196C435 /* ClipboardWorkspaceView.swift */; };
		1982D46F75F0B5E7876FF48F /* SyncKit in Frameworks */ = {isa = PBXBuildFile; productRef = FED7A9E834289C4FDE54F124 /* SyncKit */; };
		1C16F495A356343A23379879 /* NotesKit in Frameworks */ = {isa = PBXBuildFile; productRef = 93B2C6D49EA5F6E3F446A3F3 /* NotesKit */; };
		1C8764470EA8BC3927644C63 /* ShortcutsRunner.swift in Sources */ = {isa = PBXBuildFile; fileRef = B211BFC3B3A9B72B9E76F91C /* ShortcutsRunner.swift */; };
		1DDFDCAF38135EC627A0E7A8 /* GoogleOAuthConfigurationLoader.swift in Sources */ = {isa = PBXBuildFile; fileRef = B95AA6B0D2A2C4F3ACD4653E /* GoogleOAuthConfigurationLoader.swift */; };
		23C9C5F3795363AD4BB207AD /* DashboardBreakingNewsOverlay.swift in Sources */ = {isa = PBXBuildFile; fileRef = 622EA3088C0B8BBC591777A3 /* DashboardBreakingNewsOverlay.swift */; };
		27082CFD35E02F3DB28AAD8E /* LRCLibLyricsClient.swift in Sources */ = {isa = PBXBuildFile; fileRef = 13B5AE182663F4D5C2C2321A /* LRCLibLyricsClient.swift */; };
		2A0B56C8E90F257BB66650C4 /* NucleusNotificationService.swift in Sources */ = {isa = PBXBuildFile; fileRef = 584F84F9AF029CC4D8800A01 /* NucleusNotificationService.swift */; };
		2A4D12C1C5D153675FC4F7E6 /* MusicKit.framework in Frameworks */ = {isa = PBXBuildFile; fileRef = A552122023BCB903B5C94A36 /* MusicKit.framework */; };
		2B8811DCCB2E638B2C0D6E57 /* DashboardQuoteEmojiService.swift in Sources */ = {isa = PBXBuildFile; fileRef = AB5ECBBA5D7B3B965303F247 /* DashboardQuoteEmojiService.swift */; };
		2D9BBC35081BBFC740FBA05F /* MenuBarPopoverView.swift in Sources */ = {isa = PBXBuildFile; fileRef = 2ADEB9B8C248DDB0410D9749 /* MenuBarPopoverView.swift */; };
		2E92D4BDB66A47E6E813E56B /* BackgroundSyncServices.swift in Sources */ = {isa = PBXBuildFile; fileRef = 50537B36D31255DB7C3030C9 /* BackgroundSyncServices.swift */; };
		31C2FB18B651A30B5F381A6F /* MenuBarStatusItemController.swift in Sources */ = {isa = PBXBuildFile; fileRef = F3040B14FCE7F0866274EF0E /* MenuBarStatusItemController.swift */; };
		321E25ED804AB6F0BA553ABC /* AirPlayRoutePicker.swift in Sources */ = {isa = PBXBuildFile; fileRef = 4C6984DDA572BA7E3972F8ED /* AirPlayRoutePicker.swift */; };
		369B622F3177919D55C55827 /* DashboardWorkspaceView.swift in Sources */ = {isa = PBXBuildFile; fileRef = F695044507986F1B738A6465 /* DashboardWorkspaceView.swift */; };
		37A6CBA22087747F45F0F4F5 /* EmbeddedWebViewContainer.swift in Sources */ = {isa = PBXBuildFile; fileRef = E5971F41F5427FCE836471DA /* EmbeddedWebViewContainer.swift */; };
		3CAE1AF1473C860F9A01DED6 /* DashboardLocationSubdivisionResolver.swift in Sources */ = {isa = PBXBuildFile; fileRef = 6F3E574A6A6CAA16B60DF4F8 /* DashboardLocationSubdivisionResolver.swift */; };
		3F48A8BA617C1BF575B71A17 /* Assets.xcassets in Resources */ = {isa = PBXBuildFile; fileRef = BF4B3460305D779B31B79D8C /* Assets.xcassets */; };
		4071421F270EE4B407D173F7 /* DashboardNewsTickerView.swift in Sources */ = {isa = PBXBuildFile; fileRef = 75CD049259B1B6242B15B6DF /* DashboardNewsTickerView.swift */; };
		4145571152831419B598BCD1 /* DashboardWeatherService.swift in Sources */ = {isa = PBXBuildFile; fileRef = C4AB09CEFF7019C07BF7A676 /* DashboardWeatherService.swift */; };
		4502C4FF7AEF207C5B35F583 /* SwiftTerm in Frameworks */ = {isa = PBXBuildFile; productRef = 5A67003E568D3F4D33994977 /* SwiftTerm */; };
		4573D9B3E1B2E7E5C1A01E2A /* BillsWorkspaceView.swift in Sources */ = {isa = PBXBuildFile; fileRef = 0A4515FC13933C08473E2A2F /* BillsWorkspaceView.swift */; };
		4A01FCAA8886DB2CFC744B4C /* MusicSemanticSearchService.swift in Sources */ = {isa = PBXBuildFile; fileRef = B1B95108DFC6D90EC524FF7F /* MusicSemanticSearchService.swift */; };
		4B8017CFC0FB8C2FAC917EAC /* MusicCatalogService.swift in Sources */ = {isa = PBXBuildFile; fileRef = 08A06A60B358C2BEBE0ADF31 /* MusicCatalogService.swift */; };
		4C3BE2AC88FBED2E84BB7DBA /* DashboardPublicHolidayIconService.swift in Sources */ = {isa = PBXBuildFile; fileRef = 3B87857466880DD8F69C8DF4 /* DashboardPublicHolidayIconService.swift */; };
		4C597A31214F502918BAE394 /* WKWebView+Visibility.swift in Sources */ = {isa = PBXBuildFile; fileRef = 2C3B6F07B15EF705C5429DF9 /* WKWebView+Visibility.swift */; };
		4E988604D8181071BA70B0EF /* Funky.caf in Resources */ = {isa = PBXBuildFile; fileRef = 500EAAED9E0A3F359D797709 /* Funky.caf */; };
		4EDBD1DF9444754090238320 /* entitlements.mac.development.plist in Resources */ = {isa = PBXBuildFile; fileRef = 3730C4191445362A9101A48B /* entitlements.mac.development.plist */; };
		4F29C2E3364B7255A5262494 /* DashboardClipboardDayAnalysisService.swift in Sources */ = {isa = PBXBuildFile; fileRef = 329FF20CA7D961E315EAAC62 /* DashboardClipboardDayAnalysisService.swift */; };
		4F9239E03B04C76F97BF4728 /* SettingsSyncBridge.swift in Sources */ = {isa = PBXBuildFile; fileRef = 18EF3BE5CDCDF196B18E0AAC /* SettingsSyncBridge.swift */; };
		51EAB3CEA8190FEC48F1F8B8 /* NotesWorkspaceView.swift in Sources */ = {isa = PBXBuildFile; fileRef = 953865571573F05622595783 /* NotesWorkspaceView.swift */; };
		51F5F59CEBB58934E8084747 /* DashboardNewsAnalysisService.swift in Sources */ = {isa = PBXBuildFile; fileRef = 0A73239886ECAEB5F1DE3660 /* DashboardNewsAnalysisService.swift */; };
		5239A1B7AB185A4515F4E005 /* MenuBarPopoverSession.swift in Sources */ = {isa = PBXBuildFile; fileRef = D12215EBDC2CCD7294F9F071 /* MenuBarPopoverSession.swift */; };
		5289FB8060666083884F4A39 /* NucleusAIService.swift in Sources */ = {isa = PBXBuildFile; fileRef = 9032DA9C4A151F9A3BDD3EF4 /* NucleusAIService.swift */; };
		54097C655AC0AD8DD2FCFDFC /* DashboardAnalysisService.swift in Sources */ = {isa = PBXBuildFile; fileRef = A5BDDEC8A6712481CBFAABBE /* DashboardAnalysisService.swift */; };
		55EF56B6133BB09050B745B7 /* MusicLyricsController.swift in Sources */ = {isa = PBXBuildFile; fileRef = C7638A6786F3E8CB94036DB4 /* MusicLyricsController.swift */; };
		56034055BB801694A50A22D7 /* MenuBarNucleusIcon.swift in Sources */ = {isa = PBXBuildFile; fileRef = B42E9D0E0216144EA63B3A7F /* MenuBarNucleusIcon.swift */; };
		5AB3E566D34F7195E90F8AF2 /* NucleusTheme.swift in Sources */ = {isa = PBXBuildFile; fileRef = 4FE025998DE849CA2FCBCC91 /* NucleusTheme.swift */; };
		5C5D19FBE763E1524A4E831C /* RegistryReleaseNotesClient.swift in Sources */ = {isa = PBXBuildFile; fileRef = CDFFBFACBD2632D34A43FC55 /* RegistryReleaseNotesClient.swift */; };
		5E7C65A062AF7D911926A67F /* StartupSplashView.swift in Sources */ = {isa = PBXBuildFile; fileRef = 9F2DE343844F3EF7B493842C /* StartupSplashView.swift */; };
		627462CDC0887CCD00A910E4 /* NucleusMail.caf in Resources */ = {isa = PBXBuildFile; fileRef = A1ADB4D8B805C7C16E7A1939 /* NucleusMail.caf */; };
		642590B42B17C9B63C0BB830 /* HourlyBeepService.swift in Sources */ = {isa = PBXBuildFile; fileRef = 68AD664CB4410FC8FBE21B1C /* HourlyBeepService.swift */; };
		642D789BDE016C476CEA1A3C /* WeatherKit.framework in Frameworks */ = {isa = PBXBuildFile; fileRef = 0B2285F2575AB46242481E99 /* WeatherKit.framework */; };
		650D21C4C88640C42F258396 /* nucleus-bills-import-demo.csv in Resources */ = {isa = PBXBuildFile; fileRef = E79434496C370BC490D26F0A /* nucleus-bills-import-demo.csv */; };
		67D16211CC02FDAF4A0379CD /* ReleaseNotes.json in Resources */ = {isa = PBXBuildFile; fileRef = 2F1A694368885A964F497B45 /* ReleaseNotes.json */; };
		67DDAB8C429943D32C744A78 /* NucleusLog.swift in Sources */ = {isa = PBXBuildFile; fileRef = FE21FFF77FD2D44BA923CC18 /* NucleusLog.swift */; };
		68556500C668B7A54CCA4BA4 /* SparkleUpdater.swift in Sources */ = {isa = PBXBuildFile; fileRef = B6238A17B183A8059CB7A2C0 /* SparkleUpdater.swift */; };
		68F673476FAE5D0CA8204F89 /* MailWorkspaceView.swift in Sources */ = {isa = PBXBuildFile; fileRef = 948AE221487288E373756BDD /* MailWorkspaceView.swift */; };
		6A81848593CE059032A516A7 /* ReleaseNotesLoader.swift in Sources */ = {isa = PBXBuildFile; fileRef = 9987E7B42A89E15817F7CAD9 /* ReleaseNotesLoader.swift */; };
		72E293C6D0604B0AB23FF5B4 /* MusicPlaybackMonitor.swift in Sources */ = {isa = PBXBuildFile; fileRef = 57198357174E7DA48A1866B3 /* MusicPlaybackMonitor.swift */; };
		74517CB4537D4B8B3D162003 /* MusicKitNowPlayingReader.swift in Sources */ = {isa = PBXBuildFile; fileRef = 0FEBAE1808B1DAD31BB7C733 /* MusicKitNowPlayingReader.swift */; };
		77836E6A3C231E33047AACBA /* MusicAppScriptController.swift in Sources */ = {isa = PBXBuildFile; fileRef = 348968184ADDA9AFF50D1A77 /* MusicAppScriptController.swift */; };
		779C8BFFA5C17B8EEC8E9296 /* AppSettings.swift in Sources */ = {isa = PBXBuildFile; fileRef = 414321C6FA288B25C3F312A3 /* AppSettings.swift */; };
		783057E4009C73525D14D797 /* AVKit.framework in Frameworks */ = {isa = PBXBuildFile; fileRef = A1EF778F3F3692600B832ADC /* AVKit.framework */; };
		7B7990E1FA8E0FBBF86E5F49 /* DashboardNewsSpeechService.swift in Sources */ = {isa = PBXBuildFile; fileRef = 8015330A043A8BED0ED7120D /* DashboardNewsSpeechService.swift */; };
		86F0B8E63AA373C254764688 /* MenuBarController.swift in Sources */ = {isa = PBXBuildFile; fileRef = 97A7289328BE097836736716 /* MenuBarController.swift */; };
		872CE5EE0DD05992536E93DD /* TerminalWorkspaceView.swift in Sources */ = {isa = PBXBuildFile; fileRef = 7306E7EEC9EBDF5134A7E972 /* TerminalWorkspaceView.swift */; };
		8893C084748D7E66C6211F57 /* GoogleWebSignInURL.swift in Sources */ = {isa = PBXBuildFile; fileRef = 91C3018A0AFE8668C0B1FC5D /* GoogleWebSignInURL.swift */; };
		89DD2F6A9B7E342945B2F792 /* NotificationUserInfo.swift in Sources */ = {isa = PBXBuildFile; fileRef = 7A0BFA8EFB82901232FB9B24 /* NotificationUserInfo.swift */; };
		8AA22D21D12A34FDC718D87B /* EmbeddedWebViewRegistry.swift in Sources */ = {isa = PBXBuildFile; fileRef = 8D37475DD0560D594BCD02DC /* EmbeddedWebViewRegistry.swift */; };
		8BE4C9D6E5C3FD95C1029B1C /* DashboardActionPanels.swift in Sources */ = {isa = PBXBuildFile; fileRef = DAA42E98AAE9DC7E31534069 /* DashboardActionPanels.swift */; };
		914183577EE397F3EA7C0EF7 /* WhatsNewOverlay.swift in Sources */ = {isa = PBXBuildFile; fileRef = 31C5C1AF3794BF5FF1456573 /* WhatsNewOverlay.swift */; };
		92F3296DC4AFB5C4A78EF11D /* ClipboardPasteController.swift in Sources */ = {isa = PBXBuildFile; fileRef = F73321C16D7956F50F538A6E /* ClipboardPasteController.swift */; };
		944B7642AD3C23FEBB31D70E /* SyncedLyricLine.swift in Sources */ = {isa = PBXBuildFile; fileRef = 6FD7092B84F9EABC6648CF44 /* SyncedLyricLine.swift */; };
		945B9D5BE4AF3E47C2EB2A85 /* DashboardQuotes.swift in Sources */ = {isa = PBXBuildFile; fileRef = 7DE2251B69DA22713A864959 /* DashboardQuotes.swift */; };
		98D83C9FEF7CEB8DF54441FE /* HourlyBeep.swift in Sources */ = {isa = PBXBuildFile; fileRef = 046B650FCA89CA8C322D0A3B /* HourlyBeep.swift */; };
		9B0DCC0F8A21372D7F8D82F1 /* WorkspaceStatusBadge.swift in Sources */ = {isa = PBXBuildFile; fileRef = 95F9299FA19C03821267F616 /* WorkspaceStatusBadge.swift */; };
		9DD421879CE8E2380986DE94 /* GmailWebSessionStore.swift in Sources */ = {isa = PBXBuildFile; fileRef = 7C19EFA3DE919CAF339A8D6E /* GmailWebSessionStore.swift */; };
		9EC8527F349AA5FE72F4ABE8 /* DashboardIncomingMailOverlay.swift in Sources */ = {isa = PBXBuildFile; fileRef = 4E48A7B5023CD11F5F01726F /* DashboardIncomingMailOverlay.swift */; };
		9EF5B80A8FD01BADCAC44647 /* DashboardWeatherSpeechService.swift in Sources */ = {isa = PBXBuildFile; fileRef = EA356A3F1FC0966F4066DD9F /* DashboardWeatherSpeechService.swift */; };
		A1A5748F0C26C23E62073279 /* DashboardProcessMetricsService.swift in Sources */ = {isa = PBXBuildFile; fileRef = A5A1AEBE23399CD601B924A8 /* DashboardProcessMetricsService.swift */; };
		AA2B9B165190FE2E23E7AD95 /* MailInboxLoadingPhase.swift in Sources */ = {isa = PBXBuildFile; fileRef = C201B6D32546E035E9D04B57 /* MailInboxLoadingPhase.swift */; };
		B78F1CBC004C7A7D60CE6175 /* DashboardQuotes.json in Resources */ = {isa = PBXBuildFile; fileRef = B1446CE8EB0EF69B17A5FEAE /* DashboardQuotes.json */; };
		B9E2844DD110DC0608825A91 /* AppViewModel.swift in Sources */ = {isa = PBXBuildFile; fileRef = 9169DE152DD2077D9F7C4DB3 /* AppViewModel.swift */; };
		BAD2D989ABF9843D869F98FF /* MusicAccessSetup.swift in Sources */ = {isa = PBXBuildFile; fileRef = C3E81940F121AFE818CA7631 /* MusicAccessSetup.swift */; };
		BADDE8C8C5FA7DB7794F7959 /* ClipboardPasteFeedbackView.swift in Sources */ = {isa = PBXBuildFile; fileRef = D3326E384D3AF87A7952DDF0 /* ClipboardPasteFeedbackView.swift */; };
		C0DBC257A8BAB9C658468527 /* NucleusApp.swift in Sources */ = {isa = PBXBuildFile; fileRef = C2698972D63EAE12C5F050DE /* NucleusApp.swift */; };
		C1FF893494C3B5AE2F58C5A3 /* MediaController.swift in Sources */ = {isa = PBXBuildFile; fileRef = 6006FFDC6A45F10043EEBCF5 /* MediaController.swift */; };
		C442A46B050B3F01536FCC47 /* DockBadgeController.swift in Sources */ = {isa = PBXBuildFile; fileRef = 035D0E9FC4A418A7C52523C6 /* DockBadgeController.swift */; };
		C67FBF9A748A2D78F0D4B1BB /* WorkspaceIdleController.swift in Sources */ = {isa = PBXBuildFile; fileRef = D25355470BC63425B500B871 /* WorkspaceIdleController.swift */; };
		C7B8138444FEA8F5600C4648 /* MailKit in Frameworks */ = {isa = PBXBuildFile; productRef = 05DB77AAF24A6898436A8A52 /* MailKit */; };
		C8B7DC0B032F4FA042820B5B /* AuthStateMigration.swift in Sources */ = {isa = PBXBuildFile; fileRef = 964EE9A5CC0993B6B53D3120 /* AuthStateMigration.swift */; };
		CC2FE3B6D8AD40C7F6D5A4B9 /* DashboardPublicHolidayCountryCatalog.swift in Sources */ = {isa = PBXBuildFile; fileRef = DA1A423DE933BDFCA8CCE384 /* DashboardPublicHolidayCountryCatalog.swift */; };
		CC66A763B81D1FEF20E2900B /* LocalMediaPlayerService.swift in Sources */ = {isa = PBXBuildFile; fileRef = 1854B544721D5126CFF5A0F1 /* LocalMediaPlayerService.swift */; };
		CD6372D2C3B60CF249E70D00 /* NotesClipboardMigration.swift in Sources */ = {isa = PBXBuildFile; fileRef = 81F61F31E82EC125D210B051 /* NotesClipboardMigration.swift */; };
		D21146D10DFFE04416870233 /* ReleaseNotesDetailView.swift in Sources */ = {isa = PBXBuildFile; fileRef = A6EDADCCF24985DEF2C1A2DB /* ReleaseNotesDetailView.swift */; };
		D269748A37583FCD001DE941 /* WindowLayoutController.swift in Sources */ = {isa = PBXBuildFile; fileRef = 36D30869A475802CF2EC37F9 /* WindowLayoutController.swift */; };
		D55AE78B777E319F67953F54 /* MacSharingServiceButton.swift in Sources */ = {isa = PBXBuildFile; fileRef = 588507DCB51F53ABD73D2EE2 /* MacSharingServiceButton.swift */; };
		D7B410C80814DC1A3AE62D7E /* MediaWorkspaceView.swift in Sources */ = {isa = PBXBuildFile; fileRef = 9260391FB479E89BB561D1E0 /* MediaWorkspaceView.swift */; };
		D867766C290D28A0DCB552EA /* NucleusKit in Frameworks */ = {isa = PBXBuildFile; productRef = 3AEE0E5864A512AD45140FF0 /* NucleusKit */; };
		DA24CFEA61CAC79C5A243DA0 /* SupportViews.swift in Sources */ = {isa = PBXBuildFile; fileRef = E4CEADA0142869F8949F55DD /* SupportViews.swift */; };
		DC31225F8CF5E258002AAF0A /* DashboardNewsFeedService.swift in Sources */ = {isa = PBXBuildFile; fileRef = 7070B325206A2DB90B1C3F2C /* DashboardNewsFeedService.swift */; };
		DDA9D760632D2CDC4544A09A /* ClipboardKit in Frameworks */ = {isa = PBXBuildFile; productRef = F1636452BBBF1856D36D7603 /* ClipboardKit */; };
		E051D3027DB2077A6D7E7977 /* CoreLocation.framework in Frameworks */ = {isa = PBXBuildFile; fileRef = 6ED92D3B0C9CE1BDD7CB1483 /* CoreLocation.framework */; };
		E084DF303AFCF5970158EC6C /* AccountCategoryEditorSheet.swift in Sources */ = {isa = PBXBuildFile; fileRef = 927BBCFD3EA8B38DF2FC4788 /* AccountCategoryEditorSheet.swift */; };
		E3AA1CB51FE3D2B0B15677A0 /* Nucleus_DeveloperID.provisionprofile in Resources */ = {isa = PBXBuildFile; fileRef = C6C43800AFF7B02A1B95466D /* Nucleus_DeveloperID.provisionprofile */; };
		E3B7B3811C256A7159D022CC /* DashboardPublicHolidayService.swift in Sources */ = {isa = PBXBuildFile; fileRef = 4A99D2A6C2B4A64C1E115EC0 /* DashboardPublicHolidayService.swift */; };
		E45F6E0F6660F34010CFDEBE /* ClipboardPickerView.swift in Sources */ = {isa = PBXBuildFile; fileRef = 2D130F5FD244D81A8B8DBE22 /* ClipboardPickerView.swift */; };
		E61500042BE1E8A2138B4EDD /* AccountKit in Frameworks */ = {isa = PBXBuildFile; productRef = ECEB06ED4768094EA96F5F7E /* AccountKit */; };
		E626F33CBD98D177740BFAA8 /* FoundationModels.framework in Frameworks */ = {isa = PBXBuildFile; fileRef = 6EC98A7D2AD632EB0F27A607 /* FoundationModels.framework */; };
		E6FC6A78F3A887D40B0E7CBA /* TmuxAttachTerminalView.swift in Sources */ = {isa = PBXBuildFile; fileRef = 88DB27EC62EC81E518FB7481 /* TmuxAttachTerminalView.swift */; };
		E73244E30CB363CA84393025 /* MusicAccessSetupView.swift in Sources */ = {isa = PBXBuildFile; fileRef = 7A6E470F09EDC0FD0928F432 /* MusicAccessSetupView.swift */; };
		E93888DB4208C8F4596E5A75 /* MusicLyricsSearchService.swift in Sources */ = {isa = PBXBuildFile; fileRef = 5861EAEAD693E06EDEBAC1B4 /* MusicLyricsSearchService.swift */; };
		EDB250E352E4A3372A211D5C /* AddWebGmailAccountSheet.swift in Sources */ = {isa = PBXBuildFile; fileRef = 015B76265392421D7C57E815 /* AddWebGmailAccountSheet.swift */; };
		EEB7CEB73A5AAA37F8CC22A6 /* InboxIdleRecheckController.swift in Sources */ = {isa = PBXBuildFile; fileRef = EFC4312DE2A7EC5DCF5D888A /* InboxIdleRecheckController.swift */; };
		F0D6500DCFA05119C86E72BE /* CloudKitStoreMigration.swift in Sources */ = {isa = PBXBuildFile; fileRef = EBE67C288974FF5B2F8524E6 /* CloudKitStoreMigration.swift */; };
		F2D4DCEA095BBC57BC8F3390 /* KaraokeLyricsView.swift in Sources */ = {isa = PBXBuildFile; fileRef = 73EBDA4D81C6867B0FF2D7F5 /* KaraokeLyricsView.swift */; };
/* End PBXBuildFile section */

/* Begin PBXFileReference section */
		015B76265392421D7C57E815 /* AddWebGmailAccountSheet.swift */ = {isa = PBXFileReference; lastKnownFileType = sourcecode.swift; path = AddWebGmailAccountSheet.swift; sourceTree = "<group>"; };
		035D0E9FC4A418A7C52523C6 /* DockBadgeController.swift */ = {isa = PBXFileReference; lastKnownFileType = sourcecode.swift; path = DockBadgeController.swift; sourceTree = "<group>"; };
		046B650FCA89CA8C322D0A3B /* HourlyBeep.swift */ = {isa = PBXFileReference; lastKnownFileType = sourcecode.swift; path = HourlyBeep.swift; sourceTree = "<group>"; };
		08A06A60B358C2BEBE0ADF31 /* MusicCatalogService.swift */ = {isa = PBXFileReference; lastKnownFileType = sourcecode.swift; path = MusicCatalogService.swift; sourceTree = "<group>"; };
		0A4515FC13933C08473E2A2F /* BillsWorkspaceView.swift */ = {isa = PBXFileReference; lastKnownFileType = sourcecode.swift; path = BillsWorkspaceView.swift; sourceTree = "<group>"; };
		0A73239886ECAEB5F1DE3660 /* DashboardNewsAnalysisService.swift */ = {isa = PBXFileReference; lastKnownFileType = sourcecode.swift; path = DashboardNewsAnalysisService.swift; sourceTree = "<group>"; };
		0B2285F2575AB46242481E99 /* WeatherKit.framework */ = {isa = PBXFileReference; lastKnownFileType = wrapper.framework; name = WeatherKit.framework; path = System/Library/Frameworks/WeatherKit.framework; sourceTree = SDKROOT; };
		0E94FBF67AC3185DD7F65D61 /* nucleus */ = {isa = PBXFileReference; lastKnownFileType = folder; name = nucleus; path = ..; sourceTree = SOURCE_ROOT; };
		0FEBAE1808B1DAD31BB7C733 /* MusicKitNowPlayingReader.swift */ = {isa = PBXFileReference; lastKnownFileType = sourcecode.swift; path = MusicKitNowPlayingReader.swift; sourceTree = "<group>"; };
		13B5AE182663F4D5C2C2321A /* LRCLibLyricsClient.swift */ = {isa = PBXFileReference; lastKnownFileType = sourcecode.swift; path = LRCLibLyricsClient.swift; sourceTree = "<group>"; };
		1854B544721D5126CFF5A0F1 /* LocalMediaPlayerService.swift */ = {isa = PBXFileReference; lastKnownFileType = sourcecode.swift; path = LocalMediaPlayerService.swift; sourceTree = "<group>"; };
		18EF3BE5CDCDF196B18E0AAC /* SettingsSyncBridge.swift */ = {isa = PBXFileReference; lastKnownFileType = sourcecode.swift; path = SettingsSyncBridge.swift; sourceTree = "<group>"; };
		2ADEB9B8C248DDB0410D9749 /* MenuBarPopoverView.swift */ = {isa = PBXFileReference; lastKnownFileType = sourcecode.swift; path = MenuBarPopoverView.swift; sourceTree = "<group>"; };
		2C3B6F07B15EF705C5429DF9 /* WKWebView+Visibility.swift */ = {isa = PBXFileReference; lastKnownFileType = sourcecode.swift; path = "WKWebView+Visibility.swift"; sourceTree = "<group>"; };
		2D130F5FD244D81A8B8DBE22 /* ClipboardPickerView.swift */ = {isa = PBXFileReference; lastKnownFileType = sourcecode.swift; path = ClipboardPickerView.swift; sourceTree = "<group>"; };
		2F1A694368885A964F497B45 /* ReleaseNotes.json */ = {isa = PBXFileReference; lastKnownFileType = text.json; path = ReleaseNotes.json; sourceTree = "<group>"; };
		31C5C1AF3794BF5FF1456573 /* WhatsNewOverlay.swift */ = {isa = PBXFileReference; lastKnownFileType = sourcecode.swift; path = WhatsNewOverlay.swift; sourceTree = "<group>"; };
		329FF20CA7D961E315EAAC62 /* DashboardClipboardDayAnalysisService.swift */ = {isa = PBXFileReference; lastKnownFileType = sourcecode.swift; path = DashboardClipboardDayAnalysisService.swift; sourceTree = "<group>"; };
		348968184ADDA9AFF50D1A77 /* MusicAppScriptController.swift */ = {isa = PBXFileReference; lastKnownFileType = sourcecode.swift; path = MusicAppScriptController.swift; sourceTree = "<group>"; };
		35B2C2677CC4B681656C62C2 /* Nucleus.app */ = {isa = PBXFileReference; explicitFileType = wrapper.application; includeInIndex = 0; path = Nucleus.app; sourceTree = BUILT_PRODUCTS_DIR; };
		36D30869A475802CF2EC37F9 /* WindowLayoutController.swift */ = {isa = PBXFileReference; lastKnownFileType = sourcecode.swift; path = WindowLayoutController.swift; sourceTree = "<group>"; };
		3730C4191445362A9101A48B /* entitlements.mac.development.plist */ = {isa = PBXFileReference; lastKnownFileType = text.plist; path = entitlements.mac.development.plist; sourceTree = "<group>"; };
		3B87857466880DD8F69C8DF4 /* DashboardPublicHolidayIconService.swift */ = {isa = PBXFileReference; lastKnownFileType = sourcecode.swift; path = DashboardPublicHolidayIconService.swift; sourceTree = "<group>"; };
		3C96EA452B81430207A5A9FB /* Info.plist */ = {isa = PBXFileReference; lastKnownFileType = text.plist; path = Info.plist; sourceTree = "<group>"; };
		414321C6FA288B25C3F312A3 /* AppSettings.swift */ = {isa = PBXFileReference; lastKnownFileType = sourcecode.swift; path = AppSettings.swift; sourceTree = "<group>"; };
		4A99D2A6C2B4A64C1E115EC0 /* DashboardPublicHolidayService.swift */ = {isa = PBXFileReference; lastKnownFileType = sourcecode.swift; path = DashboardPublicHolidayService.swift; sourceTree = "<group>"; };
		4C6984DDA572BA7E3972F8ED /* AirPlayRoutePicker.swift */ = {isa = PBXFileReference; lastKnownFileType = sourcecode.swift; path = AirPlayRoutePicker.swift; sourceTree = "<group>"; };
		4E48A7B5023CD11F5F01726F /* DashboardIncomingMailOverlay.swift */ = {isa = PBXFileReference; lastKnownFileType = sourcecode.swift; path = DashboardIncomingMailOverlay.swift; sourceTree = "<group>"; };
		4FE025998DE849CA2FCBCC91 /* NucleusTheme.swift */ = {isa = PBXFileReference; lastKnownFileType = sourcecode.swift; path = NucleusTheme.swift; sourceTree = "<group>"; };
		500EAAED9E0A3F359D797709 /* Funky.caf */ = {isa = PBXFileReference; path = Funky.caf; sourceTree = "<group>"; };
		50537B36D31255DB7C3030C9 /* BackgroundSyncServices.swift */ = {isa = PBXFileReference; lastKnownFileType = sourcecode.swift; path = BackgroundSyncServices.swift; sourceTree = "<group>"; };
		536C10D58B577BC3DF9EE13E /* ClipboardPasswordSuggestionOverlay.swift */ = {isa = PBXFileReference; lastKnownFileType = sourcecode.swift; path = ClipboardPasswordSuggestionOverlay.swift; sourceTree = "<group>"; };
		57198357174E7DA48A1866B3 /* MusicPlaybackMonitor.swift */ = {isa = PBXFileReference; lastKnownFileType = sourcecode.swift; path = MusicPlaybackMonitor.swift; sourceTree = "<group>"; };
		584F84F9AF029CC4D8800A01 /* NucleusNotificationService.swift */ = {isa = PBXFileReference; lastKnownFileType = sourcecode.swift; path = NucleusNotificationService.swift; sourceTree = "<group>"; };
		5861EAEAD693E06EDEBAC1B4 /* MusicLyricsSearchService.swift */ = {isa = PBXFileReference; lastKnownFileType = sourcecode.swift; path = MusicLyricsSearchService.swift; sourceTree = "<group>"; };
		588507DCB51F53ABD73D2EE2 /* MacSharingServiceButton.swift */ = {isa = PBXFileReference; lastKnownFileType = sourcecode.swift; path = MacSharingServiceButton.swift; sourceTree = "<group>"; };
		5A55CAAB4D2D33098BEFB97A /* DashboardPublicHolidayExplanationService.swift */ = {isa = PBXFileReference; lastKnownFileType = sourcecode.swift; path = DashboardPublicHolidayExplanationService.swift; sourceTree = "<group>"; };
		6006FFDC6A45F10043EEBCF5 /* MediaController.swift */ = {isa = PBXFileReference; lastKnownFileType = sourcecode.swift; path = MediaController.swift; sourceTree = "<group>"; };
		622EA3088C0B8BBC591777A3 /* DashboardBreakingNewsOverlay.swift */ = {isa = PBXFileReference; lastKnownFileType = sourcecode.swift; path = DashboardBreakingNewsOverlay.swift; sourceTree = "<group>"; };
		68AD664CB4410FC8FBE21B1C /* HourlyBeepService.swift */ = {isa = PBXFileReference; lastKnownFileType = sourcecode.swift; path = HourlyBeepService.swift; sourceTree = "<group>"; };
		69A7BEC28EFE1D402738D081 /* AccountCenterView.swift */ = {isa = PBXFileReference; lastKnownFileType = sourcecode.swift; path = AccountCenterView.swift; sourceTree = "<group>"; };
		6EC98A7D2AD632EB0F27A607 /* FoundationModels.framework */ = {isa = PBXFileReference; lastKnownFileType = wrapper.framework; name = FoundationModels.framework; path = System/Library/Frameworks/FoundationModels.framework; sourceTree = SDKROOT; };
		6ED92D3B0C9CE1BDD7CB1483 /* CoreLocation.framework */ = {isa = PBXFileReference; lastKnownFileType = wrapper.framework; name = CoreLocation.framework; path = System/Library/Frameworks/CoreLocation.framework; sourceTree = SDKROOT; };
		6F3E574A6A6CAA16B60DF4F8 /* DashboardLocationSubdivisionResolver.swift */ = {isa = PBXFileReference; lastKnownFileType = sourcecode.swift; path = DashboardLocationSubdivisionResolver.swift; sourceTree = "<group>"; };
		6FD7092B84F9EABC6648CF44 /* SyncedLyricLine.swift */ = {isa = PBXFileReference; lastKnownFileType = sourcecode.swift; path = SyncedLyricLine.swift; sourceTree = "<group>"; };
		7070B325206A2DB90B1C3F2C /* DashboardNewsFeedService.swift */ = {isa = PBXFileReference; lastKnownFileType = sourcecode.swift; path = DashboardNewsFeedService.swift; sourceTree = "<group>"; };
		7306E7EEC9EBDF5134A7E972 /* TerminalWorkspaceView.swift */ = {isa = PBXFileReference; lastKnownFileType = sourcecode.swift; path = TerminalWorkspaceView.swift; sourceTree = "<group>"; };
		73EBDA4D81C6867B0FF2D7F5 /* KaraokeLyricsView.swift */ = {isa = PBXFileReference; lastKnownFileType = sourcecode.swift; path = KaraokeLyricsView.swift; sourceTree = "<group>"; };
		75CD049259B1B6242B15B6DF /* DashboardNewsTickerView.swift */ = {isa = PBXFileReference; lastKnownFileType = sourcecode.swift; path = DashboardNewsTickerView.swift; sourceTree = "<group>"; };
		7A0BFA8EFB82901232FB9B24 /* NotificationUserInfo.swift */ = {isa = PBXFileReference; lastKnownFileType = sourcecode.swift; path = NotificationUserInfo.swift; sourceTree = "<group>"; };
		7A6E470F09EDC0FD0928F432 /* MusicAccessSetupView.swift */ = {isa = PBXFileReference; lastKnownFileType = sourcecode.swift; path = MusicAccessSetupView.swift; sourceTree = "<group>"; };
		7C19EFA3DE919CAF339A8D6E /* GmailWebSessionStore.swift */ = {isa = PBXFileReference; lastKnownFileType = sourcecode.swift; path = GmailWebSessionStore.swift; sourceTree = "<group>"; };
		7DE2251B69DA22713A864959 /* DashboardQuotes.swift */ = {isa = PBXFileReference; lastKnownFileType = sourcecode.swift; path = DashboardQuotes.swift; sourceTree = "<group>"; };
		8015330A043A8BED0ED7120D /* DashboardNewsSpeechService.swift */ = {isa = PBXFileReference; lastKnownFileType = sourcecode.swift; path = DashboardNewsSpeechService.swift; sourceTree = "<group>"; };
		81F61F31E82EC125D210B051 /* NotesClipboardMigration.swift */ = {isa = PBXFileReference; lastKnownFileType = sourcecode.swift; path = NotesClipboardMigration.swift; sourceTree = "<group>"; };
		85468FEB38AFD3921127A060 /* TmuxSessionService.swift */ = {isa = PBXFileReference; lastKnownFileType = sourcecode.swift; path = TmuxSessionService.swift; sourceTree = "<group>"; };
		88DB27EC62EC81E518FB7481 /* TmuxAttachTerminalView.swift */ = {isa = PBXFileReference; lastKnownFileType = sourcecode.swift; path = TmuxAttachTerminalView.swift; sourceTree = "<group>"; };
		8D37475DD0560D594BCD02DC /* EmbeddedWebViewRegistry.swift */ = {isa = PBXFileReference; lastKnownFileType = sourcecode.swift; path = EmbeddedWebViewRegistry.swift; sourceTree = "<group>"; };
		9032DA9C4A151F9A3BDD3EF4 /* NucleusAIService.swift */ = {isa = PBXFileReference; lastKnownFileType = sourcecode.swift; path = NucleusAIService.swift; sourceTree = "<group>"; };
		9169DE152DD2077D9F7C4DB3 /* AppViewModel.swift */ = {isa = PBXFileReference; lastKnownFileType = sourcecode.swift; path = AppViewModel.swift; sourceTree = "<group>"; };
		91C3018A0AFE8668C0B1FC5D /* GoogleWebSignInURL.swift */ = {isa = PBXFileReference; lastKnownFileType = sourcecode.swift; path = GoogleWebSignInURL.swift; sourceTree = "<group>"; };
		9260391FB479E89BB561D1E0 /* MediaWorkspaceView.swift */ = {isa = PBXFileReference; lastKnownFileType = sourcecode.swift; path = MediaWorkspaceView.swift; sourceTree = "<group>"; };
		927BBCFD3EA8B38DF2FC4788 /* AccountCategoryEditorSheet.swift */ = {isa = PBXFileReference; lastKnownFileType = sourcecode.swift; path = AccountCategoryEditorSheet.swift; sourceTree = "<group>"; };
		948AE221487288E373756BDD /* MailWorkspaceView.swift */ = {isa = PBXFileReference; lastKnownFileType = sourcecode.swift; path = MailWorkspaceView.swift; sourceTree = "<group>"; };
		953865571573F05622595783 /* NotesWorkspaceView.swift */ = {isa = PBXFileReference; lastKnownFileType = sourcecode.swift; path = NotesWorkspaceView.swift; sourceTree = "<group>"; };
		95F9299FA19C03821267F616 /* WorkspaceStatusBadge.swift */ = {isa = PBXFileReference; lastKnownFileType = sourcecode.swift; path = WorkspaceStatusBadge.swift; sourceTree = "<group>"; };
		964EE9A5CC0993B6B53D3120 /* AuthStateMigration.swift */ = {isa = PBXFileReference; lastKnownFileType = sourcecode.swift; path = AuthStateMigration.swift; sourceTree = "<group>"; };
		97A7289328BE097836736716 /* MenuBarController.swift */ = {isa = PBXFileReference; lastKnownFileType = sourcecode.swift; path = MenuBarController.swift; sourceTree = "<group>"; };
		9987E7B42A89E15817F7CAD9 /* ReleaseNotesLoader.swift */ = {isa = PBXFileReference; lastKnownFileType = sourcecode.swift; path = ReleaseNotesLoader.swift; sourceTree = "<group>"; };
		9F2DE343844F3EF7B493842C /* StartupSplashView.swift */ = {isa = PBXFileReference; lastKnownFileType = sourcecode.swift; path = StartupSplashView.swift; sourceTree = "<group>"; };
		A1ADB4D8B805C7C16E7A1939 /* NucleusMail.caf */ = {isa = PBXFileReference; path = NucleusMail.caf; sourceTree = "<group>"; };
		A1EF778F3F3692600B832ADC /* AVKit.framework */ = {isa = PBXFileReference; lastKnownFileType = wrapper.framework; name = AVKit.framework; path = System/Library/Frameworks/AVKit.framework; sourceTree = SDKROOT; };
		A5293EFD704186720E36251C /* MenuBarNucleusMark.swift */ = {isa = PBXFileReference; lastKnownFileType = sourcecode.swift; path = MenuBarNucleusMark.swift; sourceTree = "<group>"; };
		A552122023BCB903B5C94A36 /* MusicKit.framework */ = {isa = PBXFileReference; lastKnownFileType = wrapper.framework; name = MusicKit.framework; path = System/Library/Frameworks/MusicKit.framework; sourceTree = SDKROOT; };
		A5A1AEBE23399CD601B924A8 /* DashboardProcessMetricsService.swift */ = {isa = PBXFileReference; lastKnownFileType = sourcecode.swift; path = DashboardProcessMetricsService.swift; sourceTree = "<group>"; };
		A5BDDEC8A6712481CBFAABBE /* DashboardAnalysisService.swift */ = {isa = PBXFileReference; lastKnownFileType = sourcecode.swift; path = DashboardAnalysisService.swift; sourceTree = "<group>"; };
		A6EDADCCF24985DEF2C1A2DB /* ReleaseNotesDetailView.swift */ = {isa = PBXFileReference; lastKnownFileType = sourcecode.swift; path = ReleaseNotesDetailView.swift; sourceTree = "<group>"; };
		AB5ECBBA5D7B3B965303F247 /* DashboardQuoteEmojiService.swift */ = {isa = PBXFileReference; lastKnownFileType = sourcecode.swift; path = DashboardQuoteEmojiService.swift; sourceTree = "<group>"; };
		B1446CE8EB0EF69B17A5FEAE /* DashboardQuotes.json */ = {isa = PBXFileReference; lastKnownFileType = text.json; path = DashboardQuotes.json; sourceTree = "<group>"; };
		B1B95108DFC6D90EC524FF7F /* MusicSemanticSearchService.swift */ = {isa = PBXFileReference; lastKnownFileType = sourcecode.swift; path = MusicSemanticSearchService.swift; sourceTree = "<group>"; };
		B211BFC3B3A9B72B9E76F91C /* ShortcutsRunner.swift */ = {isa = PBXFileReference; lastKnownFileType = sourcecode.swift; path = ShortcutsRunner.swift; sourceTree = "<group>"; };
		B42E9D0E0216144EA63B3A7F /* MenuBarNucleusIcon.swift */ = {isa = PBXFileReference; lastKnownFileType = sourcecode.swift; path = MenuBarNucleusIcon.swift; sourceTree = "<group>"; };
		B6238A17B183A8059CB7A2C0 /* SparkleUpdater.swift */ = {isa = PBXFileReference; lastKnownFileType = sourcecode.swift; path = SparkleUpdater.swift; sourceTree = "<group>"; };
		B95AA6B0D2A2C4F3ACD4653E /* GoogleOAuthConfigurationLoader.swift */ = {isa = PBXFileReference; lastKnownFileType = sourcecode.swift; path = GoogleOAuthConfigurationLoader.swift; sourceTree = "<group>"; };
		BF4B3460305D779B31B79D8C /* Assets.xcassets */ = {isa = PBXFileReference; lastKnownFileType = folder.assetcatalog; path = Assets.xcassets; sourceTree = "<group>"; };
		C201B6D32546E035E9D04B57 /* MailInboxLoadingPhase.swift */ = {isa = PBXFileReference; lastKnownFileType = sourcecode.swift; path = MailInboxLoadingPhase.swift; sourceTree = "<group>"; };
		C2698972D63EAE12C5F050DE /* NucleusApp.swift */ = {isa = PBXFileReference; lastKnownFileType = sourcecode.swift; path = NucleusApp.swift; sourceTree = "<group>"; };
		C3E81940F121AFE818CA7631 /* MusicAccessSetup.swift */ = {isa = PBXFileReference; lastKnownFileType = sourcecode.swift; path = MusicAccessSetup.swift; sourceTree = "<group>"; };
		C4AB09CEFF7019C07BF7A676 /* DashboardWeatherService.swift */ = {isa = PBXFileReference; lastKnownFileType = sourcecode.swift; path = DashboardWeatherService.swift; sourceTree = "<group>"; };
		C643F64124025FA6F196C435 /* ClipboardWorkspaceView.swift */ = {isa = PBXFileReference; lastKnownFileType = sourcecode.swift; path = ClipboardWorkspaceView.swift; sourceTree = "<group>"; };
		C6C43800AFF7B02A1B95466D /* Nucleus_DeveloperID.provisionprofile */ = {isa = PBXFileReference; path = Nucleus_DeveloperID.provisionprofile; sourceTree = "<group>"; };
		C7638A6786F3E8CB94036DB4 /* MusicLyricsController.swift */ = {isa = PBXFileReference; lastKnownFileType = sourcecode.swift; path = MusicLyricsController.swift; sourceTree = "<group>"; };
		CDFFBFACBD2632D34A43FC55 /* RegistryReleaseNotesClient.swift */ = {isa = PBXFileReference; lastKnownFileType = sourcecode.swift; path = RegistryReleaseNotesClient.swift; sourceTree = "<group>"; };
		D12215EBDC2CCD7294F9F071 /* MenuBarPopoverSession.swift */ = {isa = PBXFileReference; lastKnownFileType = sourcecode.swift; path = MenuBarPopoverSession.swift; sourceTree = "<group>"; };
		D25355470BC63425B500B871 /* WorkspaceIdleController.swift */ = {isa = PBXFileReference; lastKnownFileType = sourcecode.swift; path = WorkspaceIdleController.swift; sourceTree = "<group>"; };
		D3326E384D3AF87A7952DDF0 /* ClipboardPasteFeedbackView.swift */ = {isa = PBXFileReference; lastKnownFileType = sourcecode.swift; path = ClipboardPasteFeedbackView.swift; sourceTree = "<group>"; };
		DA1A423DE933BDFCA8CCE384 /* DashboardPublicHolidayCountryCatalog.swift */ = {isa = PBXFileReference; lastKnownFileType = sourcecode.swift; path = DashboardPublicHolidayCountryCatalog.swift; sourceTree = "<group>"; };
		DAA42E98AAE9DC7E31534069 /* DashboardActionPanels.swift */ = {isa = PBXFileReference; lastKnownFileType = sourcecode.swift; path = DashboardActionPanels.swift; sourceTree = "<group>"; };
		E4CEADA0142869F8949F55DD /* SupportViews.swift */ = {isa = PBXFileReference; lastKnownFileType = sourcecode.swift; path = SupportViews.swift; sourceTree = "<group>"; };
		E5971F41F5427FCE836471DA /* EmbeddedWebViewContainer.swift */ = {isa = PBXFileReference; lastKnownFileType = sourcecode.swift; path = EmbeddedWebViewContainer.swift; sourceTree = "<group>"; };
		E79434496C370BC490D26F0A /* nucleus-bills-import-demo.csv */ = {isa = PBXFileReference; path = "nucleus-bills-import-demo.csv"; sourceTree = "<group>"; };
		EA356A3F1FC0966F4066DD9F /* DashboardWeatherSpeechService.swift */ = {isa = PBXFileReference; lastKnownFileType = sourcecode.swift; path = DashboardWeatherSpeechService.swift; sourceTree = "<group>"; };
		EBE67C288974FF5B2F8524E6 /* CloudKitStoreMigration.swift */ = {isa = PBXFileReference; lastKnownFileType = sourcecode.swift; path = CloudKitStoreMigration.swift; sourceTree = "<group>"; };
		EFC4312DE2A7EC5DCF5D888A /* InboxIdleRecheckController.swift */ = {isa = PBXFileReference; lastKnownFileType = sourcecode.swift; path = InboxIdleRecheckController.swift; sourceTree = "<group>"; };
		F3040B14FCE7F0866274EF0E /* MenuBarStatusItemController.swift */ = {isa = PBXFileReference; lastKnownFileType = sourcecode.swift; path = MenuBarStatusItemController.swift; sourceTree = "<group>"; };
		F695044507986F1B738A6465 /* DashboardWorkspaceView.swift */ = {isa = PBXFileReference; lastKnownFileType = sourcecode.swift; path = DashboardWorkspaceView.swift; sourceTree = "<group>"; };
		F73321C16D7956F50F538A6E /* ClipboardPasteController.swift */ = {isa = PBXFileReference; lastKnownFileType = sourcecode.swift; path = ClipboardPasteController.swift; sourceTree = "<group>"; };
		FE21FFF77FD2D44BA923CC18 /* NucleusLog.swift */ = {isa = PBXFileReference; lastKnownFileType = sourcecode.swift; path = NucleusLog.swift; sourceTree = "<group>"; };
/* End PBXFileReference section */

/* Begin PBXFrameworksBuildPhase section */
		4618B6C17309E86A956A0ED6 /* Frameworks */ = {
			isa = PBXFrameworksBuildPhase;
			buildActionMask = 2147483647;
			files = (
				06E33DD4ED6CCAE1245318FB /* Sparkle in Frameworks */,
				4502C4FF7AEF207C5B35F583 /* SwiftTerm in Frameworks */,
				D867766C290D28A0DCB552EA /* NucleusKit in Frameworks */,
				1009C3EAC35EB16973A02E97 /* DatabaseKit in Frameworks */,
				E61500042BE1E8A2138B4EDD /* AccountKit in Frameworks */,
				C7B8138444FEA8F5600C4648 /* MailKit in Frameworks */,
				0DF76E6C3FFC27AFE1D7BCFC /* CalendarKit in Frameworks */,
				DDA9D760632D2CDC4544A09A /* ClipboardKit in Frameworks */,
				1C16F495A356343A23379879 /* NotesKit in Frameworks */,
				1982D46F75F0B5E7876FF48F /* SyncKit in Frameworks */,
				642D789BDE016C476CEA1A3C /* WeatherKit.framework in Frameworks */,
				E051D3027DB2077A6D7E7977 /* CoreLocation.framework in Frameworks */,
				E626F33CBD98D177740BFAA8 /* FoundationModels.framework in Frameworks */,
				2A4D12C1C5D153675FC4F7E6 /* MusicKit.framework in Frameworks */,
				783057E4009C73525D14D797 /* AVKit.framework in Frameworks */,
			);
			runOnlyForDeploymentPostprocessing = 0;
		};
/* End PBXFrameworksBuildPhase section */

/* Begin PBXGroup section */
		1D490A0B2835A4B7A3D80054 /* Components */ = {
			isa = PBXGroup;
			children = (
				927BBCFD3EA8B38DF2FC4788 /* AccountCategoryEditorSheet.swift */,
				69A7BEC28EFE1D402738D081 /* AccountCenterView.swift */,
				015B76265392421D7C57E815 /* AddWebGmailAccountSheet.swift */,
				0A4515FC13933C08473E2A2F /* BillsWorkspaceView.swift */,
				536C10D58B577BC3DF9EE13E /* ClipboardPasswordSuggestionOverlay.swift */,
				D3326E384D3AF87A7952DDF0 /* ClipboardPasteFeedbackView.swift */,
				2D130F5FD244D81A8B8DBE22 /* ClipboardPickerView.swift */,
				C643F64124025FA6F196C435 /* ClipboardWorkspaceView.swift */,
				DAA42E98AAE9DC7E31534069 /* DashboardActionPanels.swift */,
				622EA3088C0B8BBC591777A3 /* DashboardBreakingNewsOverlay.swift */,
				4E48A7B5023CD11F5F01726F /* DashboardIncomingMailOverlay.swift */,
				75CD049259B1B6242B15B6DF /* DashboardNewsTickerView.swift */,
				F695044507986F1B738A6465 /* DashboardWorkspaceView.swift */,
				73EBDA4D81C6867B0FF2D7F5 /* KaraokeLyricsView.swift */,
				C201B6D32546E035E9D04B57 /* MailInboxLoadingPhase.swift */,
				948AE221487288E373756BDD /* MailWorkspaceView.swift */,
				9260391FB479E89BB561D1E0 /* MediaWorkspaceView.swift */,
				B42E9D0E0216144EA63B3A7F /* MenuBarNucleusIcon.swift */,
				A5293EFD704186720E36251C /* MenuBarNucleusMark.swift */,
				2ADEB9B8C248DDB0410D9749 /* MenuBarPopoverView.swift */,
				7A6E470F09EDC0FD0928F432 /* MusicAccessSetupView.swift */,
				953865571573F05622595783 /* NotesWorkspaceView.swift */,
				4FE025998DE849CA2FCBCC91 /* NucleusTheme.swift */,
				A6EDADCCF24985DEF2C1A2DB /* ReleaseNotesDetailView.swift */,
				9F2DE343844F3EF7B493842C /* StartupSplashView.swift */,
				E4CEADA0142869F8949F55DD /* SupportViews.swift */,
				7306E7EEC9EBDF5134A7E972 /* TerminalWorkspaceView.swift */,
				88DB27EC62EC81E518FB7481 /* TmuxAttachTerminalView.swift */,
				31C5C1AF3794BF5FF1456573 /* WhatsNewOverlay.swift */,
				95F9299FA19C03821267F616 /* WorkspaceStatusBadge.swift */,
			);
			path = Components;
			sourceTree = "<group>";
		};
		466AF8445649955C30A247E1 /* Nucleus */ = {
			isa = PBXGroup;
			children = (
				414321C6FA288B25C3F312A3 /* AppSettings.swift */,
				9169DE152DD2077D9F7C4DB3 /* AppViewModel.swift */,
				BF4B3460305D779B31B79D8C /* Assets.xcassets */,
				3730C4191445362A9101A48B /* entitlements.mac.development.plist */,
				3C96EA452B81430207A5A9FB /* Info.plist */,
				C6C43800AFF7B02A1B95466D /* Nucleus_DeveloperID.provisionprofile */,
				C2698972D63EAE12C5F050DE /* NucleusApp.swift */,
				B6238A17B183A8059CB7A2C0 /* SparkleUpdater.swift */,
				F046C7E266E5FB494BFEE70A /* Assets */,
				1D490A0B2835A4B7A3D80054 /* Components */,
				6F6FFB061DF1DABAB49226B9 /* Resources */,
				70C6AE6CD197164C03FC3FC2 /* Services */,
			);
			path = Nucleus;
			sourceTree = "<group>";
		};
		472C12B3B9F7D613EFE7E63D /* Sounds */ = {
			isa = PBXGroup;
			children = (
				500EAAED9E0A3F359D797709 /* Funky.caf */,
				A1ADB4D8B805C7C16E7A1939 /* NucleusMail.caf */,
			);
			path = Sounds;
			sourceTree = "<group>";
		};
		6F6FFB061DF1DABAB49226B9 /* Resources */ = {
			isa = PBXGroup;
			children = (
				B1446CE8EB0EF69B17A5FEAE /* DashboardQuotes.json */,
				E79434496C370BC490D26F0A /* nucleus-bills-import-demo.csv */,
				2F1A694368885A964F497B45 /* ReleaseNotes.json */,
			);
			path = Resources;
			sourceTree = "<group>";
		};
		70C6AE6CD197164C03FC3FC2 /* Services */ = {
			isa = PBXGroup;
			children = (
				4C6984DDA572BA7E3972F8ED /* AirPlayRoutePicker.swift */,
				964EE9A5CC0993B6B53D3120 /* AuthStateMigration.swift */,
				50537B36D31255DB7C3030C9 /* BackgroundSyncServices.swift */,
				F73321C16D7956F50F538A6E /* ClipboardPasteController.swift */,
				EBE67C288974FF5B2F8524E6 /* CloudKitStoreMigration.swift */,
				A5BDDEC8A6712481CBFAABBE /* DashboardAnalysisService.swift */,
				329FF20CA7D961E315EAAC62 /* DashboardClipboardDayAnalysisService.swift */,
				6F3E574A6A6CAA16B60DF4F8 /* DashboardLocationSubdivisionResolver.swift */,
				0A73239886ECAEB5F1DE3660 /* DashboardNewsAnalysisService.swift */,
				7070B325206A2DB90B1C3F2C /* DashboardNewsFeedService.swift */,
				8015330A043A8BED0ED7120D /* DashboardNewsSpeechService.swift */,
				A5A1AEBE23399CD601B924A8 /* DashboardProcessMetricsService.swift */,
				DA1A423DE933BDFCA8CCE384 /* DashboardPublicHolidayCountryCatalog.swift */,
				5A55CAAB4D2D33098BEFB97A /* DashboardPublicHolidayExplanationService.swift */,
				3B87857466880DD8F69C8DF4 /* DashboardPublicHolidayIconService.swift */,
				4A99D2A6C2B4A64C1E115EC0 /* DashboardPublicHolidayService.swift */,
				AB5ECBBA5D7B3B965303F247 /* DashboardQuoteEmojiService.swift */,
				7DE2251B69DA22713A864959 /* DashboardQuotes.swift */,
				C4AB09CEFF7019C07BF7A676 /* DashboardWeatherService.swift */,
				EA356A3F1FC0966F4066DD9F /* DashboardWeatherSpeechService.swift */,
				035D0E9FC4A418A7C52523C6 /* DockBadgeController.swift */,
				E5971F41F5427FCE836471DA /* EmbeddedWebViewContainer.swift */,
				8D37475DD0560D594BCD02DC /* EmbeddedWebViewRegistry.swift */,
				7C19EFA3DE919CAF339A8D6E /* GmailWebSessionStore.swift */,
				B95AA6B0D2A2C4F3ACD4653E /* GoogleOAuthConfigurationLoader.swift */,
				91C3018A0AFE8668C0B1FC5D /* GoogleWebSignInURL.swift */,
				046B650FCA89CA8C322D0A3B /* HourlyBeep.swift */,
				68AD664CB4410FC8FBE21B1C /* HourlyBeepService.swift */,
				EFC4312DE2A7EC5DCF5D888A /* InboxIdleRecheckController.swift */,
				1854B544721D5126CFF5A0F1 /* LocalMediaPlayerService.swift */,
				13B5AE182663F4D5C2C2321A /* LRCLibLyricsClient.swift */,
				588507DCB51F53ABD73D2EE2 /* MacSharingServiceButton.swift */,
				6006FFDC6A45F10043EEBCF5 /* MediaController.swift */,
				97A7289328BE097836736716 /* MenuBarController.swift */,
				D12215EBDC2CCD7294F9F071 /* MenuBarPopoverSession.swift */,
				F3040B14FCE7F0866274EF0E /* MenuBarStatusItemController.swift */,
				C3E81940F121AFE818CA7631 /* MusicAccessSetup.swift */,
				348968184ADDA9AFF50D1A77 /* MusicAppScriptController.swift */,
				08A06A60B358C2BEBE0ADF31 /* MusicCatalogService.swift */,
				0FEBAE1808B1DAD31BB7C733 /* MusicKitNowPlayingReader.swift */,
				C7638A6786F3E8CB94036DB4 /* MusicLyricsController.swift */,
				5861EAEAD693E06EDEBAC1B4 /* MusicLyricsSearchService.swift */,
				57198357174E7DA48A1866B3 /* MusicPlaybackMonitor.swift */,
				B1B95108DFC6D90EC524FF7F /* MusicSemanticSearchService.swift */,
				81F61F31E82EC125D210B051 /* NotesClipboardMigration.swift */,
				7A0BFA8EFB82901232FB9B24 /* NotificationUserInfo.swift */,
				9032DA9C4A151F9A3BDD3EF4 /* NucleusAIService.swift */,
				FE21FFF77FD2D44BA923CC18 /* NucleusLog.swift */,
				584F84F9AF029CC4D8800A01 /* NucleusNotificationService.swift */,
				CDFFBFACBD2632D34A43FC55 /* RegistryReleaseNotesClient.swift */,
				9987E7B42A89E15817F7CAD9 /* ReleaseNotesLoader.swift */,
				18EF3BE5CDCDF196B18E0AAC /* SettingsSyncBridge.swift */,
				B211BFC3B3A9B72B9E76F91C /* ShortcutsRunner.swift */,
				6FD7092B84F9EABC6648CF44 /* SyncedLyricLine.swift */,
				85468FEB38AFD3921127A060 /* TmuxSessionService.swift */,
				36D30869A475802CF2EC37F9 /* WindowLayoutController.swift */,
				2C3B6F07B15EF705C5429DF9 /* WKWebView+Visibility.swift */,
				D25355470BC63425B500B871 /* WorkspaceIdleController.swift */,
			);
			path = Services;
			sourceTree = "<group>";
		};
		952FE1F1150C5DD27FAF45EF /* Products */ = {
			isa = PBXGroup;
			children = (
				35B2C2677CC4B681656C62C2 /* Nucleus.app */,
			);
			name = Products;
			sourceTree = "<group>";
		};
		B71D2C8D4166B7C89F6E5526 /* Frameworks */ = {
			isa = PBXGroup;
			children = (
				A1EF778F3F3692600B832ADC /* AVKit.framework */,
				6ED92D3B0C9CE1BDD7CB1483 /* CoreLocation.framework */,
				6EC98A7D2AD632EB0F27A607 /* FoundationModels.framework */,
				A552122023BCB903B5C94A36 /* MusicKit.framework */,
				0B2285F2575AB46242481E99 /* WeatherKit.framework */,
			);
			name = Frameworks;
			sourceTree = "<group>";
		};
		BE87F95A911B3BC122A2E31A /* Packages */ = {
			isa = PBXGroup;
			children = (
				0E94FBF67AC3185DD7F65D61 /* nucleus */,
			);
			name = Packages;
			sourceTree = "<group>";
		};
		DF5C11EBC4E7F41C308C26CC = {
			isa = PBXGroup;
			children = (
				466AF8445649955C30A247E1 /* Nucleus */,
				BE87F95A911B3BC122A2E31A /* Packages */,
				B71D2C8D4166B7C89F6E5526 /* Frameworks */,
				952FE1F1150C5DD27FAF45EF /* Products */,
			);
			sourceTree = "<group>";
		};
		F046C7E266E5FB494BFEE70A /* Assets */ = {
			isa = PBXGroup;
			children = (
				472C12B3B9F7D613EFE7E63D /* Sounds */,
			);
			path = Assets;
			sourceTree = "<group>";
		};
/* End PBXGroup section */

/* Begin PBXNativeTarget section */
		DB1E0D2630414328DE7163D5 /* Nucleus */ = {
			isa = PBXNativeTarget;
			buildConfigurationList = 7E09C760230D6FFCA85855E1 /* Build configuration list for PBXNativeTarget "Nucleus" */;
			buildPhases = (
				8B0D2F05B6C97289D2969A9A /* Sources */,
				3B7F2D5D8FB141CBE3BF22D8 /* Resources */,
				4618B6C17309E86A956A0ED6 /* Frameworks */,
			);
			buildRules = (
			);
			dependencies = (
			);
			name = Nucleus;
			packageProductDependencies = (
				0E4DA79CEF8E748BA3E23EAA /* Sparkle */,
				5A67003E568D3F4D33994977 /* SwiftTerm */,
				3AEE0E5864A512AD45140FF0 /* NucleusKit */,
				DAECE07451118013D6E717ED /* DatabaseKit */,
				ECEB06ED4768094EA96F5F7E /* AccountKit */,
				05DB77AAF24A6898436A8A52 /* MailKit */,
				0663CFC119484D7BD11FB843 /* CalendarKit */,
				F1636452BBBF1856D36D7603 /* ClipboardKit */,
				93B2C6D49EA5F6E3F446A3F3 /* NotesKit */,
				FED7A9E834289C4FDE54F124 /* SyncKit */,
			);
			productName = Nucleus;
			productReference = 35B2C2677CC4B681656C62C2 /* Nucleus.app */;
			productType = "com.apple.product-type.application";
		};
/* End PBXNativeTarget section */

/* Begin PBXProject section */
		0CF985CADA30704845FA3B25 /* Project object */ = {
			isa = PBXProject;
			attributes = {
				BuildIndependentTargetsInParallel = YES;
				LastUpgradeCheck = 1430;
				TargetAttributes = {
					DB1E0D2630414328DE7163D5 = {
						DevelopmentTeam = Q3TXW887NM;
						ProvisioningStyle = Automatic;
					};
				};
			};
			buildConfigurationList = D2E13B3292A4C8F950F568E7 /* Build configuration list for PBXProject "Nucleus" */;
			developmentRegion = en;
			hasScannedForEncodings = 0;
			knownRegions = (
				Base,
				en,
			);
			mainGroup = DF5C11EBC4E7F41C308C26CC;
			minimizedProjectReferenceProxies = 1;
			packageReferences = (
				747853A3A9D5E77150015D34 /* XCRemoteSwiftPackageReference "Sparkle" */,
				9ADF40353C5BB7C1F513552B /* XCRemoteSwiftPackageReference "SwiftTerm" */,
				F65862AD11A475D420DB7D40 /* XCLocalSwiftPackageReference ".." */,
			);
			preferredProjectObjectVersion = 77;
			productRefGroup = 952FE1F1150C5DD27FAF45EF /* Products */;
			projectDirPath = "";
			projectRoot = "";
			targets = (
				DB1E0D2630414328DE7163D5 /* Nucleus */,
			);
		};
/* End PBXProject section */

/* Begin PBXResourcesBuildPhase section */
		3B7F2D5D8FB141CBE3BF22D8 /* Resources */ = {
			isa = PBXResourcesBuildPhase;
			buildActionMask = 2147483647;
			files = (
				3F48A8BA617C1BF575B71A17 /* Assets.xcassets in Resources */,
				B78F1CBC004C7A7D60CE6175 /* DashboardQuotes.json in Resources */,
				4E988604D8181071BA70B0EF /* Funky.caf in Resources */,
				627462CDC0887CCD00A910E4 /* NucleusMail.caf in Resources */,
				E3AA1CB51FE3D2B0B15677A0 /* Nucleus_DeveloperID.provisionprofile in Resources */,
				67D16211CC02FDAF4A0379CD /* ReleaseNotes.json in Resources */,
				4EDBD1DF9444754090238320 /* entitlements.mac.development.plist in Resources */,
				650D21C4C88640C42F258396 /* nucleus-bills-import-demo.csv in Resources */,
			);
			runOnlyForDeploymentPostprocessing = 0;
		};
/* End PBXResourcesBuildPhase section */

/* Begin PBXSourcesBuildPhase section */
		8B0D2F05B6C97289D2969A9A /* Sources */ = {
			isa = PBXSourcesBuildPhase;
			buildActionMask = 2147483647;
			files = (
				E084DF303AFCF5970158EC6C /* AccountCategoryEditorSheet.swift in Sources */,
				0DF8DBEBA58E40936F22C450 /* AccountCenterView.swift in Sources */,
				EDB250E352E4A3372A211D5C /* AddWebGmailAccountSheet.swift in Sources */,
				321E25ED804AB6F0BA553ABC /* AirPlayRoutePicker.swift in Sources */,
				779C8BFFA5C17B8EEC8E9296 /* AppSettings.swift in Sources */,
				B9E2844DD110DC0608825A91 /* AppViewModel.swift in Sources */,
				C8B7DC0B032F4FA042820B5B /* AuthStateMigration.swift in Sources */,
				2E92D4BDB66A47E6E813E56B /* BackgroundSyncServices.swift in Sources */,
				4573D9B3E1B2E7E5C1A01E2A /* BillsWorkspaceView.swift in Sources */,
				0BB860B254C7F78CEEC21A5B /* ClipboardPasswordSuggestionOverlay.swift in Sources */,
				92F3296DC4AFB5C4A78EF11D /* ClipboardPasteController.swift in Sources */,
				BADDE8C8C5FA7DB7794F7959 /* ClipboardPasteFeedbackView.swift in Sources */,
				E45F6E0F6660F34010CFDEBE /* ClipboardPickerView.swift in Sources */,
				194D73C14442409686DEF2AE /* ClipboardWorkspaceView.swift in Sources */,
				F0D6500DCFA05119C86E72BE /* CloudKitStoreMigration.swift in Sources */,
				8BE4C9D6E5C3FD95C1029B1C /* DashboardActionPanels.swift in Sources */,
				54097C655AC0AD8DD2FCFDFC /* DashboardAnalysisService.swift in Sources */,
				23C9C5F3795363AD4BB207AD /* DashboardBreakingNewsOverlay.swift in Sources */,
				4F29C2E3364B7255A5262494 /* DashboardClipboardDayAnalysisService.swift in Sources */,
				9EC8527F349AA5FE72F4ABE8 /* DashboardIncomingMailOverlay.swift in Sources */,
				3CAE1AF1473C860F9A01DED6 /* DashboardLocationSubdivisionResolver.swift in Sources */,
				51F5F59CEBB58934E8084747 /* DashboardNewsAnalysisService.swift in Sources */,
				DC31225F8CF5E258002AAF0A /* DashboardNewsFeedService.swift in Sources */,
				7B7990E1FA8E0FBBF86E5F49 /* DashboardNewsSpeechService.swift in Sources */,
				4071421F270EE4B407D173F7 /* DashboardNewsTickerView.swift in Sources */,
				A1A5748F0C26C23E62073279 /* DashboardProcessMetricsService.swift in Sources */,
				CC2FE3B6D8AD40C7F6D5A4B9 /* DashboardPublicHolidayCountryCatalog.swift in Sources */,
				013B9FC482237F2D4F339739 /* DashboardPublicHolidayExplanationService.swift in Sources */,
				4C3BE2AC88FBED2E84BB7DBA /* DashboardPublicHolidayIconService.swift in Sources */,
				E3B7B3811C256A7159D022CC /* DashboardPublicHolidayService.swift in Sources */,
				2B8811DCCB2E638B2C0D6E57 /* DashboardQuoteEmojiService.swift in Sources */,
				945B9D5BE4AF3E47C2EB2A85 /* DashboardQuotes.swift in Sources */,
				4145571152831419B598BCD1 /* DashboardWeatherService.swift in Sources */,
				9EF5B80A8FD01BADCAC44647 /* DashboardWeatherSpeechService.swift in Sources */,
				369B622F3177919D55C55827 /* DashboardWorkspaceView.swift in Sources */,
				C442A46B050B3F01536FCC47 /* DockBadgeController.swift in Sources */,
				37A6CBA22087747F45F0F4F5 /* EmbeddedWebViewContainer.swift in Sources */,
				8AA22D21D12A34FDC718D87B /* EmbeddedWebViewRegistry.swift in Sources */,
				9DD421879CE8E2380986DE94 /* GmailWebSessionStore.swift in Sources */,
				1DDFDCAF38135EC627A0E7A8 /* GoogleOAuthConfigurationLoader.swift in Sources */,
				8893C084748D7E66C6211F57 /* GoogleWebSignInURL.swift in Sources */,
				98D83C9FEF7CEB8DF54441FE /* HourlyBeep.swift in Sources */,
				642590B42B17C9B63C0BB830 /* HourlyBeepService.swift in Sources */,
				EEB7CEB73A5AAA37F8CC22A6 /* InboxIdleRecheckController.swift in Sources */,
				F2D4DCEA095BBC57BC8F3390 /* KaraokeLyricsView.swift in Sources */,
				27082CFD35E02F3DB28AAD8E /* LRCLibLyricsClient.swift in Sources */,
				CC66A763B81D1FEF20E2900B /* LocalMediaPlayerService.swift in Sources */,
				D55AE78B777E319F67953F54 /* MacSharingServiceButton.swift in Sources */,
				AA2B9B165190FE2E23E7AD95 /* MailInboxLoadingPhase.swift in Sources */,
				68F673476FAE5D0CA8204F89 /* MailWorkspaceView.swift in Sources */,
				C1FF893494C3B5AE2F58C5A3 /* MediaController.swift in Sources */,
				D7B410C80814DC1A3AE62D7E /* MediaWorkspaceView.swift in Sources */,
				86F0B8E63AA373C254764688 /* MenuBarController.swift in Sources */,
				56034055BB801694A50A22D7 /* MenuBarNucleusIcon.swift in Sources */,
				12B2BE20B4F0B35D21701EE6 /* MenuBarNucleusMark.swift in Sources */,
				5239A1B7AB185A4515F4E005 /* MenuBarPopoverSession.swift in Sources */,
				2D9BBC35081BBFC740FBA05F /* MenuBarPopoverView.swift in Sources */,
				31C2FB18B651A30B5F381A6F /* MenuBarStatusItemController.swift in Sources */,
				BAD2D989ABF9843D869F98FF /* MusicAccessSetup.swift in Sources */,
				E73244E30CB363CA84393025 /* MusicAccessSetupView.swift in Sources */,
				77836E6A3C231E33047AACBA /* MusicAppScriptController.swift in Sources */,
				4B8017CFC0FB8C2FAC917EAC /* MusicCatalogService.swift in Sources */,
				74517CB4537D4B8B3D162003 /* MusicKitNowPlayingReader.swift in Sources */,
				55EF56B6133BB09050B745B7 /* MusicLyricsController.swift in Sources */,
				E93888DB4208C8F4596E5A75 /* MusicLyricsSearchService.swift in Sources */,
				72E293C6D0604B0AB23FF5B4 /* MusicPlaybackMonitor.swift in Sources */,
				4A01FCAA8886DB2CFC744B4C /* MusicSemanticSearchService.swift in Sources */,
				CD6372D2C3B60CF249E70D00 /* NotesClipboardMigration.swift in Sources */,
				51EAB3CEA8190FEC48F1F8B8 /* NotesWorkspaceView.swift in Sources */,
				89DD2F6A9B7E342945B2F792 /* NotificationUserInfo.swift in Sources */,
				5289FB8060666083884F4A39 /* NucleusAIService.swift in Sources */,
				C0DBC257A8BAB9C658468527 /* NucleusApp.swift in Sources */,
				67DDAB8C429943D32C744A78 /* NucleusLog.swift in Sources */,
				2A0B56C8E90F257BB66650C4 /* NucleusNotificationService.swift in Sources */,
				5AB3E566D34F7195E90F8AF2 /* NucleusTheme.swift in Sources */,
				5C5D19FBE763E1524A4E831C /* RegistryReleaseNotesClient.swift in Sources */,
				D21146D10DFFE04416870233 /* ReleaseNotesDetailView.swift in Sources */,
				6A81848593CE059032A516A7 /* ReleaseNotesLoader.swift in Sources */,
				4F9239E03B04C76F97BF4728 /* SettingsSyncBridge.swift in Sources */,
				1C8764470EA8BC3927644C63 /* ShortcutsRunner.swift in Sources */,
				68556500C668B7A54CCA4BA4 /* SparkleUpdater.swift in Sources */,
				5E7C65A062AF7D911926A67F /* StartupSplashView.swift in Sources */,
				DA24CFEA61CAC79C5A243DA0 /* SupportViews.swift in Sources */,
				944B7642AD3C23FEBB31D70E /* SyncedLyricLine.swift in Sources */,
				872CE5EE0DD05992536E93DD /* TerminalWorkspaceView.swift in Sources */,
				E6FC6A78F3A887D40B0E7CBA /* TmuxAttachTerminalView.swift in Sources */,
				0AC06494C1C76476946760E9 /* TmuxSessionService.swift in Sources */,
				4C597A31214F502918BAE394 /* WKWebView+Visibility.swift in Sources */,
				914183577EE397F3EA7C0EF7 /* WhatsNewOverlay.swift in Sources */,
				D269748A37583FCD001DE941 /* WindowLayoutController.swift in Sources */,
				C67FBF9A748A2D78F0D4B1BB /* WorkspaceIdleController.swift in Sources */,
				9B0DCC0F8A21372D7F8D82F1 /* WorkspaceStatusBadge.swift in Sources */,
			);
			runOnlyForDeploymentPostprocessing = 0;
		};
/* End PBXSourcesBuildPhase section */

/* Begin XCBuildConfiguration section */
		1B12112A073A32495740AAB5 /* Debug */ = {
			isa = XCBuildConfiguration;
			buildSettings = {
				ALWAYS_SEARCH_USER_PATHS = NO;
				CLANG_ANALYZER_NONNULL = YES;
				CLANG_ANALYZER_NUMBER_OBJECT_CONVERSION = YES_AGGRESSIVE;
				CLANG_CXX_LANGUAGE_STANDARD = "gnu++14";
				CLANG_CXX_LIBRARY = "libc++";
				CLANG_ENABLE_MODULES = YES;
				CLANG_ENABLE_OBJC_ARC = YES;
				CLANG_ENABLE_OBJC_WEAK = YES;
				CLANG_WARN_BLOCK_CAPTURE_AUTORELEASING = YES;
				CLANG_WARN_BOOL_CONVERSION = YES;
				CLANG_WARN_COMMA = YES;
				CLANG_WARN_CONSTANT_CONVERSION = YES;
				CLANG_WARN_DEPRECATED_OBJC_IMPLEMENTATIONS = YES;
				CLANG_WARN_DIRECT_OBJC_ISA_USAGE = YES_ERROR;
				CLANG_WARN_DOCUMENTATION_COMMENTS = YES;
				CLANG_WARN_EMPTY_BODY = YES;
				CLANG_WARN_ENUM_CONVERSION = YES;
				CLANG_WARN_INFINITE_RECURSION = YES;
				CLANG_WARN_INT_CONVERSION = YES;
				CLANG_WARN_NON_LITERAL_NULL_CONVERSION = YES;
				CLANG_WARN_OBJC_IMPLICIT_RETAIN_SELF = YES;
				CLANG_WARN_OBJC_LITERAL_CONVERSION = YES;
				CLANG_WARN_OBJC_ROOT_CLASS = YES_ERROR;
				CLANG_WARN_QUOTED_INCLUDE_IN_FRAMEWORK_HEADER = YES;
				CLANG_WARN_RANGE_LOOP_ANALYSIS = YES;
				CLANG_WARN_STRICT_PROTOTYPES = YES;
				CLANG_WARN_SUSPICIOUS_MOVE = YES;
				CLANG_WARN_UNGUARDED_AVAILABILITY = YES_AGGRESSIVE;
				CLANG_WARN_UNREACHABLE_CODE = YES;
				CLANG_WARN__DUPLICATE_METHOD_MATCH = YES;
				COPY_PHASE_STRIP = NO;
				DEBUG_INFORMATION_FORMAT = dwarf;
				ENABLE_STRICT_OBJC_MSGSEND = YES;
				ENABLE_TESTABILITY = YES;
				GCC_C_LANGUAGE_STANDARD = gnu11;
				GCC_DYNAMIC_NO_PIC = NO;
				GCC_NO_COMMON_BLOCKS = YES;
				GCC_OPTIMIZATION_LEVEL = 0;
				GCC_PREPROCESSOR_DEFINITIONS = (
					"$(inherited)",
					"DEBUG=1",
				);
				GCC_WARN_64_TO_32_BIT_CONVERSION = YES;
				GCC_WARN_ABOUT_RETURN_TYPE = YES_ERROR;
				GCC_WARN_UNDECLARED_SELECTOR = YES;
				GCC_WARN_UNINITIALIZED_AUTOS = YES_AGGRESSIVE;
				GCC_WARN_UNUSED_FUNCTION = YES;
				GCC_WARN_UNUSED_VARIABLE = YES;
				MACOSX_DEPLOYMENT_TARGET = 14.0;
				MTL_ENABLE_DEBUG_INFO = INCLUDE_SOURCE;
				MTL_FAST_MATH = YES;
				ONLY_ACTIVE_ARCH = YES;
				PRODUCT_NAME = "$(TARGET_NAME)";
				SDKROOT = macosx;
				SWIFT_ACTIVE_COMPILATION_CONDITIONS = DEBUG;
				SWIFT_OPTIMIZATION_LEVEL = "-Onone";
				SWIFT_VERSION = 5.9;
			};
			name = Debug;
		};
		5E80A35875DE6FD818AC8820 /* Release */ = {
			isa = XCBuildConfiguration;
			buildSettings = {
				ALWAYS_SEARCH_USER_PATHS = NO;
				CLANG_ANALYZER_NONNULL = YES;
				CLANG_ANALYZER_NUMBER_OBJECT_CONVERSION = YES_AGGRESSIVE;
				CLANG_CXX_LANGUAGE_STANDARD = "gnu++14";
				CLANG_CXX_LIBRARY = "libc++";
				CLANG_ENABLE_MODULES = YES;
				CLANG_ENABLE_OBJC_ARC = YES;
				CLANG_ENABLE_OBJC_WEAK = YES;
				CLANG_WARN_BLOCK_CAPTURE_AUTORELEASING = YES;
				CLANG_WARN_BOOL_CONVERSION = YES;
				CLANG_WARN_COMMA = YES;
				CLANG_WARN_CONSTANT_CONVERSION = YES;
				CLANG_WARN_DEPRECATED_OBJC_IMPLEMENTATIONS = YES;
				CLANG_WARN_DIRECT_OBJC_ISA_USAGE = YES_ERROR;
				CLANG_WARN_DOCUMENTATION_COMMENTS = YES;
				CLANG_WARN_EMPTY_BODY = YES;
				CLANG_WARN_ENUM_CONVERSION = YES;
				CLANG_WARN_INFINITE_RECURSION = YES;
				CLANG_WARN_INT_CONVERSION = YES;
				CLANG_WARN_NON_LITERAL_NULL_CONVERSION = YES;
				CLANG_WARN_OBJC_IMPLICIT_RETAIN_SELF = YES;
				CLANG_WARN_OBJC_LITERAL_CONVERSION = YES;
				CLANG_WARN_OBJC_ROOT_CLASS = YES_ERROR;
				CLANG_WARN_QUOTED_INCLUDE_IN_FRAMEWORK_HEADER = YES;
				CLANG_WARN_RANGE_LOOP_ANALYSIS = YES;
				CLANG_WARN_STRICT_PROTOTYPES = YES;
				CLANG_WARN_SUSPICIOUS_MOVE = YES;
				CLANG_WARN_UNGUARDED_AVAILABILITY = YES_AGGRESSIVE;
				CLANG_WARN_UNREACHABLE_CODE = YES;
				CLANG_WARN__DUPLICATE_METHOD_MATCH = YES;
				COPY_PHASE_STRIP = NO;
				DEBUG_INFORMATION_FORMAT = "dwarf-with-dsym";
				ENABLE_NS_ASSERTIONS = NO;
				ENABLE_STRICT_OBJC_MSGSEND = YES;
				GCC_C_LANGUAGE_STANDARD = gnu11;
				GCC_NO_COMMON_BLOCKS = YES;
				GCC_WARN_64_TO_32_BIT_CONVERSION = YES;
				GCC_WARN_ABOUT_RETURN_TYPE = YES_ERROR;
				GCC_WARN_UNDECLARED_SELECTOR = YES;
				GCC_WARN_UNINITIALIZED_AUTOS = YES_AGGRESSIVE;
				GCC_WARN_UNUSED_FUNCTION = YES;
				GCC_WARN_UNUSED_VARIABLE = YES;
				MACOSX_DEPLOYMENT_TARGET = 14.0;
				MTL_ENABLE_DEBUG_INFO = NO;
				MTL_FAST_MATH = YES;
				PRODUCT_NAME = "$(TARGET_NAME)";
				SDKROOT = macosx;
				SWIFT_COMPILATION_MODE = wholemodule;
				SWIFT_OPTIMIZATION_LEVEL = "-O";
				SWIFT_VERSION = 5.9;
			};
			name = Release;
		};
		F83F4D0675A69EA7EDA64DA6 /* Debug */ = {
			isa = XCBuildConfiguration;
			buildSettings = {
				ASSETCATALOG_COMPILER_APPICON_NAME = AppIcon;
				CODE_SIGN_ENTITLEMENTS = Nucleus/entitlements.mac.plist;
				CODE_SIGN_STYLE = Automatic;
				COMBINE_HIDPI_IMAGES = YES;
				CURRENT_PROJECT_VERSION = 10002;
				DEVELOPMENT_TEAM = Q3TXW887NM;
				ENABLE_HARDENED_RUNTIME = YES;
				INFOPLIST_FILE = Nucleus/Info.plist;
				LD_RUNPATH_SEARCH_PATHS = (
					"$(inherited)",
					"@executable_path/../Frameworks",
				);
				MARKETING_VERSION = 0.10.2;
				OTHER_LDFLAGS = "$(inherited) -weak_framework FoundationModels";
				PRODUCT_BUNDLE_IDENTIFIER = net.suherman.nucleus;
				SDKROOT = macosx;
				SPARKLE_FEED_URL = "http://127.0.0.1:3000/appcast.xml";
				SPARKLE_PUBLIC_ED_KEY = "B6P7+AkeawAfMFk4f5j3+0diuQWorDuCYNrVX0vJeV0=";
			};
			name = Debug;
		};
		FDC228E8C9126A8BEF13682E /* Release */ = {
			isa = XCBuildConfiguration;
			buildSettings = {
				ASSETCATALOG_COMPILER_APPICON_NAME = AppIcon;
				CODE_SIGN_ENTITLEMENTS = Nucleus/entitlements.mac.plist;
				CODE_SIGN_STYLE = Automatic;
				COMBINE_HIDPI_IMAGES = YES;
				CURRENT_PROJECT_VERSION = 10002;
				DEVELOPMENT_TEAM = Q3TXW887NM;
				ENABLE_HARDENED_RUNTIME = YES;
				INFOPLIST_FILE = Nucleus/Info.plist;
				LD_RUNPATH_SEARCH_PATHS = (
					"$(inherited)",
					"@executable_path/../Frameworks",
				);
				MARKETING_VERSION = 0.10.2;
				OTHER_LDFLAGS = "$(inherited) -weak_framework FoundationModels";
				PRODUCT_BUNDLE_IDENTIFIER = net.suherman.nucleus;
				SDKROOT = macosx;
				SPARKLE_FEED_URL = "https://nucleus-registry.suherman.net/appcast.xml";
				SPARKLE_PUBLIC_ED_KEY = "B6P7+AkeawAfMFk4f5j3+0diuQWorDuCYNrVX0vJeV0=";
			};
			name = Release;
		};
/* End XCBuildConfiguration section */

/* Begin XCConfigurationList section */
		7E09C760230D6FFCA85855E1 /* Build configuration list for PBXNativeTarget "Nucleus" */ = {
			isa = XCConfigurationList;
			buildConfigurations = (
				F83F4D0675A69EA7EDA64DA6 /* Debug */,
				FDC228E8C9126A8BEF13682E /* Release */,
			);
			defaultConfigurationIsVisible = 0;
			defaultConfigurationName = Debug;
		};
		D2E13B3292A4C8F950F568E7 /* Build configuration list for PBXProject "Nucleus" */ = {
			isa = XCConfigurationList;
			buildConfigurations = (
				1B12112A073A32495740AAB5 /* Debug */,
				5E80A35875DE6FD818AC8820 /* Release */,
			);
			defaultConfigurationIsVisible = 0;
			defaultConfigurationName = Debug;
		};
/* End XCConfigurationList section */

/* Begin XCLocalSwiftPackageReference section */
		F65862AD11A475D420DB7D40 /* XCLocalSwiftPackageReference ".." */ = {
			isa = XCLocalSwiftPackageReference;
			relativePath = ..;
		};
/* End XCLocalSwiftPackageReference section */

/* Begin XCRemoteSwiftPackageReference section */
		747853A3A9D5E77150015D34 /* XCRemoteSwiftPackageReference "Sparkle" */ = {
			isa = XCRemoteSwiftPackageReference;
			repositoryURL = "https://github.com/sparkle-project/Sparkle";
			requirement = {
				kind = upToNextMajorVersion;
				minimumVersion = 2.7.0;
			};
		};
		9ADF40353C5BB7C1F513552B /* XCRemoteSwiftPackageReference "SwiftTerm" */ = {
			isa = XCRemoteSwiftPackageReference;
			repositoryURL = "https://github.com/migueldeicaza/SwiftTerm";
			requirement = {
				kind = upToNextMajorVersion;
				minimumVersion = 1.2.5;
			};
		};
/* End XCRemoteSwiftPackageReference section */

/* Begin XCSwiftPackageProductDependency section */
		05DB77AAF24A6898436A8A52 /* MailKit */ = {
			isa = XCSwiftPackageProductDependency;
			productName = MailKit;
		};
		0663CFC119484D7BD11FB843 /* CalendarKit */ = {
			isa = XCSwiftPackageProductDependency;
			productName = CalendarKit;
		};
		0E4DA79CEF8E748BA3E23EAA /* Sparkle */ = {
			isa = XCSwiftPackageProductDependency;
			package = 747853A3A9D5E77150015D34 /* XCRemoteSwiftPackageReference "Sparkle" */;
			productName = Sparkle;
		};
		3AEE0E5864A512AD45140FF0 /* NucleusKit */ = {
			isa = XCSwiftPackageProductDependency;
			productName = NucleusKit;
		};
		5A67003E568D3F4D33994977 /* SwiftTerm */ = {
			isa = XCSwiftPackageProductDependency;
			package = 9ADF40353C5BB7C1F513552B /* XCRemoteSwiftPackageReference "SwiftTerm" */;
			productName = SwiftTerm;
		};
		93B2C6D49EA5F6E3F446A3F3 /* NotesKit */ = {
			isa = XCSwiftPackageProductDependency;
			productName = NotesKit;
		};
		DAECE07451118013D6E717ED /* DatabaseKit */ = {
			isa = XCSwiftPackageProductDependency;
			productName = DatabaseKit;
		};
		ECEB06ED4768094EA96F5F7E /* AccountKit */ = {
			isa = XCSwiftPackageProductDependency;
			productName = AccountKit;
		};
		F1636452BBBF1856D36D7603 /* ClipboardKit */ = {
			isa = XCSwiftPackageProductDependency;
			productName = ClipboardKit;
		};
		FED7A9E834289C4FDE54F124 /* SyncKit */ = {
			isa = XCSwiftPackageProductDependency;
			productName = SyncKit;
		};
/* End XCSwiftPackageProductDependency section */
	};
	rootObject = 0CF985CADA30704845FA3B25 /* Project object */;
}
