// !$*UTF8*$!
{
	archiveVersion = 1;
	classes = {
	};
	objectVersion = 77;
	objects = {

/* Begin PBXBuildFile section */
		04F320BF6094F76B0F24258B /* ClipboardMonitorService.swift in Sources */ = {isa = PBXBuildFile; fileRef = 8D1B19E37F9DEE038DE32B26 /* ClipboardMonitorService.swift */; };
		06E33DD4ED6CCAE1245318FB /* Sparkle in Frameworks */ = {isa = PBXBuildFile; productRef = 0E4DA79CEF8E748BA3E23EAA /* Sparkle */; };
		0DF76E6C3FFC27AFE1D7BCFC /* ClipboardKit in Frameworks */ = {isa = PBXBuildFile; productRef = F1636452BBBF1856D36D7603 /* ClipboardKit */; };
		0DF8DBEBA58E40936F22C450 /* AccountCenterView.swift in Sources */ = {isa = PBXBuildFile; fileRef = 69A7BEC28EFE1D402738D081 /* AccountCenterView.swift */; };
		1009C3EAC35EB16973A02E97 /* AccountKit in Frameworks */ = {isa = PBXBuildFile; productRef = ECEB06ED4768094EA96F5F7E /* AccountKit */; };
		194D73C14442409686DEF2AE /* ClipboardWorkspaceView.swift in Sources */ = {isa = PBXBuildFile; fileRef = C643F64124025FA6F196C435 /* ClipboardWorkspaceView.swift */; };
		1C16F495A356343A23379879 /* SyncKit in Frameworks */ = {isa = PBXBuildFile; productRef = FED7A9E834289C4FDE54F124 /* SyncKit */; };
		1DDFDCAF38135EC627A0E7A8 /* GoogleOAuthConfigurationLoader.swift in Sources */ = {isa = PBXBuildFile; fileRef = B95AA6B0D2A2C4F3ACD4653E /* GoogleOAuthConfigurationLoader.swift */; };
		2A0B56C8E90F257BB66650C4 /* NucleusNotificationService.swift in Sources */ = {isa = PBXBuildFile; fileRef = 584F84F9AF029CC4D8800A01 /* NucleusNotificationService.swift */; };
		2E92D4BDB66A47E6E813E56B /* BackgroundSyncServices.swift in Sources */ = {isa = PBXBuildFile; fileRef = 50537B36D31255DB7C3030C9 /* BackgroundSyncServices.swift */; };
		37A6CBA22087747F45F0F4F5 /* EmbeddedWebViewContainer.swift in Sources */ = {isa = PBXBuildFile; fileRef = E5971F41F5427FCE836471DA /* EmbeddedWebViewContainer.swift */; };
		3F48A8BA617C1BF575B71A17 /* Assets.xcassets in Resources */ = {isa = PBXBuildFile; fileRef = BF4B3460305D779B31B79D8C /* Assets.xcassets */; };
		4502C4FF7AEF207C5B35F583 /* NucleusKit in Frameworks */ = {isa = PBXBuildFile; productRef = 3AEE0E5864A512AD45140FF0 /* NucleusKit */; };
		4C597A31214F502918BAE394 /* WKWebView+Visibility.swift in Sources */ = {isa = PBXBuildFile; fileRef = 2C3B6F07B15EF705C5429DF9 /* WKWebView+Visibility.swift */; };
		4E988604D8181071BA70B0EF /* Funky.caf in Resources */ = {isa = PBXBuildFile; fileRef = 500EAAED9E0A3F359D797709 /* Funky.caf */; };
		4F9239E03B04C76F97BF4728 /* SettingsSyncBridge.swift in Sources */ = {isa = PBXBuildFile; fileRef = 18EF3BE5CDCDF196B18E0AAC /* SettingsSyncBridge.swift */; };
		51EAB3CEA8190FEC48F1F8B8 /* NotesWorkspaceView.swift in Sources */ = {isa = PBXBuildFile; fileRef = 953865571573F05622595783 /* NotesWorkspaceView.swift */; };
		5AB3E566D34F7195E90F8AF2 /* NucleusTheme.swift in Sources */ = {isa = PBXBuildFile; fileRef = 4FE025998DE849CA2FCBCC91 /* NucleusTheme.swift */; };
		5C5D19FBE763E1524A4E831C /* RegistryReleaseNotesClient.swift in Sources */ = {isa = PBXBuildFile; fileRef = CDFFBFACBD2632D34A43FC55 /* RegistryReleaseNotesClient.swift */; };
		5E7C65A062AF7D911926A67F /* StartupSplashView.swift in Sources */ = {isa = PBXBuildFile; fileRef = 9F2DE343844F3EF7B493842C /* StartupSplashView.swift */; };
		627462CDC0887CCD00A910E4 /* NucleusMail.caf in Resources */ = {isa = PBXBuildFile; fileRef = A1ADB4D8B805C7C16E7A1939 /* NucleusMail.caf */; };
		642590B42B17C9B63C0BB830 /* HourlyBeepService.swift in Sources */ = {isa = PBXBuildFile; fileRef = 68AD664CB4410FC8FBE21B1C /* HourlyBeepService.swift */; };
		67D16211CC02FDAF4A0379CD /* ReleaseNotes.json in Resources */ = {isa = PBXBuildFile; fileRef = 2F1A694368885A964F497B45 /* ReleaseNotes.json */; };
		68556500C668B7A54CCA4BA4 /* SparkleUpdater.swift in Sources */ = {isa = PBXBuildFile; fileRef = B6238A17B183A8059CB7A2C0 /* SparkleUpdater.swift */; };
		68F673476FAE5D0CA8204F89 /* MailWorkspaceView.swift in Sources */ = {isa = PBXBuildFile; fileRef = 948AE221487288E373756BDD /* MailWorkspaceView.swift */; };
		6A81848593CE059032A516A7 /* ReleaseNotesLoader.swift in Sources */ = {isa = PBXBuildFile; fileRef = 9987E7B42A89E15817F7CAD9 /* ReleaseNotesLoader.swift */; };
		779C8BFFA5C17B8EEC8E9296 /* AppSettings.swift in Sources */ = {isa = PBXBuildFile; fileRef = 414321C6FA288B25C3F312A3 /* AppSettings.swift */; };
		8489DED1153909B55543B5E4 /* ChatWorkspaceView.swift in Sources */ = {isa = PBXBuildFile; fileRef = 68D014822AC55CF805FF2873 /* ChatWorkspaceView.swift */; };
		86A2EDB6E47C37FFBA5DE437 /* CalendarWorkspaceView.swift in Sources */ = {isa = PBXBuildFile; fileRef = 6F58A8AC449384291C26E26C /* CalendarWorkspaceView.swift */; };
		8893C084748D7E66C6211F57 /* GoogleWebSignInURL.swift in Sources */ = {isa = PBXBuildFile; fileRef = 91C3018A0AFE8668C0B1FC5D /* GoogleWebSignInURL.swift */; };
		89DD2F6A9B7E342945B2F792 /* NotificationUserInfo.swift in Sources */ = {isa = PBXBuildFile; fileRef = 7A0BFA8EFB82901232FB9B24 /* NotificationUserInfo.swift */; };
		8AA22D21D12A34FDC718D87B /* EmbeddedWebViewRegistry.swift in Sources */ = {isa = PBXBuildFile; fileRef = 8D37475DD0560D594BCD02DC /* EmbeddedWebViewRegistry.swift */; };
		914183577EE397F3EA7C0EF7 /* WhatsNewOverlay.swift in Sources */ = {isa = PBXBuildFile; fileRef = 31C5C1AF3794BF5FF1456573 /* WhatsNewOverlay.swift */; };
		92F3296DC4AFB5C4A78EF11D /* ClipboardPasteController.swift in Sources */ = {isa = PBXBuildFile; fileRef = F73321C16D7956F50F538A6E /* ClipboardPasteController.swift */; };
		98D83C9FEF7CEB8DF54441FE /* HourlyBeep.swift in Sources */ = {isa = PBXBuildFile; fileRef = 046B650FCA89CA8C322D0A3B /* HourlyBeep.swift */; };
		9B0DCC0F8A21372D7F8D82F1 /* WorkspaceStatusBadge.swift in Sources */ = {isa = PBXBuildFile; fileRef = 95F9299FA19C03821267F616 /* WorkspaceStatusBadge.swift */; };
		9DD421879CE8E2380986DE94 /* GmailWebSessionStore.swift in Sources */ = {isa = PBXBuildFile; fileRef = 7C19EFA3DE919CAF339A8D6E /* GmailWebSessionStore.swift */; };
		AA2B9B165190FE2E23E7AD95 /* MailInboxLoadingPhase.swift in Sources */ = {isa = PBXBuildFile; fileRef = C201B6D32546E035E9D04B57 /* MailInboxLoadingPhase.swift */; };
		B9E2844DD110DC0608825A91 /* AppViewModel.swift in Sources */ = {isa = PBXBuildFile; fileRef = 9169DE152DD2077D9F7C4DB3 /* AppViewModel.swift */; };
		C0DBC257A8BAB9C658468527 /* NucleusApp.swift in Sources */ = {isa = PBXBuildFile; fileRef = C2698972D63EAE12C5F050DE /* NucleusApp.swift */; };
		C442A46B050B3F01536FCC47 /* DockBadgeController.swift in Sources */ = {isa = PBXBuildFile; fileRef = 035D0E9FC4A418A7C52523C6 /* DockBadgeController.swift */; };
		C7B8138444FEA8F5600C4648 /* CalendarKit in Frameworks */ = {isa = PBXBuildFile; productRef = 0663CFC119484D7BD11FB843 /* CalendarKit */; };
		C8B7DC0B032F4FA042820B5B /* AuthStateMigration.swift in Sources */ = {isa = PBXBuildFile; fileRef = 964EE9A5CC0993B6B53D3120 /* AuthStateMigration.swift */; };
		CD6372D2C3B60CF249E70D00 /* NotesClipboardMigration.swift in Sources */ = {isa = PBXBuildFile; fileRef = 81F61F31E82EC125D210B051 /* NotesClipboardMigration.swift */; };
		D21146D10DFFE04416870233 /* ReleaseNotesDetailView.swift in Sources */ = {isa = PBXBuildFile; fileRef = A6EDADCCF24985DEF2C1A2DB /* ReleaseNotesDetailView.swift */; };
		D269748A37583FCD001DE941 /* WindowLayoutController.swift in Sources */ = {isa = PBXBuildFile; fileRef = 36D30869A475802CF2EC37F9 /* WindowLayoutController.swift */; };
		D867766C290D28A0DCB552EA /* DatabaseKit in Frameworks */ = {isa = PBXBuildFile; productRef = DAECE07451118013D6E717ED /* DatabaseKit */; };
		DA24CFEA61CAC79C5A243DA0 /* SupportViews.swift in Sources */ = {isa = PBXBuildFile; fileRef = E4CEADA0142869F8949F55DD /* SupportViews.swift */; };
		DCC4B4B8A424D0C638BDAD3C /* CalendarWebAuthIndexStore.swift in Sources */ = {isa = PBXBuildFile; fileRef = 99525F1C7DA669B771908581 /* CalendarWebAuthIndexStore.swift */; };
		DDA9D760632D2CDC4544A09A /* NotesKit in Frameworks */ = {isa = PBXBuildFile; productRef = 93B2C6D49EA5F6E3F446A3F3 /* NotesKit */; };
		E084DF303AFCF5970158EC6C /* AccountCategoryEditorSheet.swift in Sources */ = {isa = PBXBuildFile; fileRef = 927BBCFD3EA8B38DF2FC4788 /* AccountCategoryEditorSheet.swift */; };
		E3AA1CB51FE3D2B0B15677A0 /* Nucleus_DeveloperID.provisionprofile in Resources */ = {isa = PBXBuildFile; fileRef = C6C43800AFF7B02A1B95466D /* Nucleus_DeveloperID.provisionprofile */; };
		E45F6E0F6660F34010CFDEBE /* ClipboardPickerView.swift in Sources */ = {isa = PBXBuildFile; fileRef = 2D130F5FD244D81A8B8DBE22 /* ClipboardPickerView.swift */; };
		E61500042BE1E8A2138B4EDD /* MailKit in Frameworks */ = {isa = PBXBuildFile; productRef = 05DB77AAF24A6898436A8A52 /* MailKit */; };
		EDB250E352E4A3372A211D5C /* AddWebGmailAccountSheet.swift in Sources */ = {isa = PBXBuildFile; fileRef = 015B76265392421D7C57E815 /* AddWebGmailAccountSheet.swift */; };
/* End PBXBuildFile section */

/* Begin PBXFileReference section */
		015B76265392421D7C57E815 /* AddWebGmailAccountSheet.swift */ = {isa = PBXFileReference; lastKnownFileType = sourcecode.swift; path = AddWebGmailAccountSheet.swift; sourceTree = "<group>"; };
		035D0E9FC4A418A7C52523C6 /* DockBadgeController.swift */ = {isa = PBXFileReference; lastKnownFileType = sourcecode.swift; path = DockBadgeController.swift; sourceTree = "<group>"; };
		046B650FCA89CA8C322D0A3B /* HourlyBeep.swift */ = {isa = PBXFileReference; lastKnownFileType = sourcecode.swift; path = HourlyBeep.swift; sourceTree = "<group>"; };
		0E94FBF67AC3185DD7F65D61 /* nucleus */ = {isa = PBXFileReference; lastKnownFileType = folder; name = nucleus; path = ..; sourceTree = SOURCE_ROOT; };
		18EF3BE5CDCDF196B18E0AAC /* SettingsSyncBridge.swift */ = {isa = PBXFileReference; lastKnownFileType = sourcecode.swift; path = SettingsSyncBridge.swift; sourceTree = "<group>"; };
		2C3B6F07B15EF705C5429DF9 /* WKWebView+Visibility.swift */ = {isa = PBXFileReference; lastKnownFileType = sourcecode.swift; path = "WKWebView+Visibility.swift"; sourceTree = "<group>"; };
		2D130F5FD244D81A8B8DBE22 /* ClipboardPickerView.swift */ = {isa = PBXFileReference; lastKnownFileType = sourcecode.swift; path = ClipboardPickerView.swift; sourceTree = "<group>"; };
		2F1A694368885A964F497B45 /* ReleaseNotes.json */ = {isa = PBXFileReference; lastKnownFileType = text.json; path = ReleaseNotes.json; sourceTree = "<group>"; };
		31C5C1AF3794BF5FF1456573 /* WhatsNewOverlay.swift */ = {isa = PBXFileReference; lastKnownFileType = sourcecode.swift; path = WhatsNewOverlay.swift; sourceTree = "<group>"; };
		35B2C2677CC4B681656C62C2 /* Nucleus.app */ = {isa = PBXFileReference; explicitFileType = wrapper.application; includeInIndex = 0; path = Nucleus.app; sourceTree = BUILT_PRODUCTS_DIR; };
		36D30869A475802CF2EC37F9 /* WindowLayoutController.swift */ = {isa = PBXFileReference; lastKnownFileType = sourcecode.swift; path = WindowLayoutController.swift; sourceTree = "<group>"; };
		3C96EA452B81430207A5A9FB /* Info.plist */ = {isa = PBXFileReference; lastKnownFileType = text.plist; path = Info.plist; sourceTree = "<group>"; };
		414321C6FA288B25C3F312A3 /* AppSettings.swift */ = {isa = PBXFileReference; lastKnownFileType = sourcecode.swift; path = AppSettings.swift; sourceTree = "<group>"; };
		4FE025998DE849CA2FCBCC91 /* NucleusTheme.swift */ = {isa = PBXFileReference; lastKnownFileType = sourcecode.swift; path = NucleusTheme.swift; sourceTree = "<group>"; };
		500EAAED9E0A3F359D797709 /* Funky.caf */ = {isa = PBXFileReference; path = Funky.caf; sourceTree = "<group>"; };
		50537B36D31255DB7C3030C9 /* BackgroundSyncServices.swift */ = {isa = PBXFileReference; lastKnownFileType = sourcecode.swift; path = BackgroundSyncServices.swift; sourceTree = "<group>"; };
		584F84F9AF029CC4D8800A01 /* NucleusNotificationService.swift */ = {isa = PBXFileReference; lastKnownFileType = sourcecode.swift; path = NucleusNotificationService.swift; sourceTree = "<group>"; };
		68AD664CB4410FC8FBE21B1C /* HourlyBeepService.swift */ = {isa = PBXFileReference; lastKnownFileType = sourcecode.swift; path = HourlyBeepService.swift; sourceTree = "<group>"; };
		68D014822AC55CF805FF2873 /* ChatWorkspaceView.swift */ = {isa = PBXFileReference; lastKnownFileType = sourcecode.swift; path = ChatWorkspaceView.swift; sourceTree = "<group>"; };
		69A7BEC28EFE1D402738D081 /* AccountCenterView.swift */ = {isa = PBXFileReference; lastKnownFileType = sourcecode.swift; path = AccountCenterView.swift; sourceTree = "<group>"; };
		6F58A8AC449384291C26E26C /* CalendarWorkspaceView.swift */ = {isa = PBXFileReference; lastKnownFileType = sourcecode.swift; path = CalendarWorkspaceView.swift; sourceTree = "<group>"; };
		7A0BFA8EFB82901232FB9B24 /* NotificationUserInfo.swift */ = {isa = PBXFileReference; lastKnownFileType = sourcecode.swift; path = NotificationUserInfo.swift; sourceTree = "<group>"; };
		7C19EFA3DE919CAF339A8D6E /* GmailWebSessionStore.swift */ = {isa = PBXFileReference; lastKnownFileType = sourcecode.swift; path = GmailWebSessionStore.swift; sourceTree = "<group>"; };
		81F61F31E82EC125D210B051 /* NotesClipboardMigration.swift */ = {isa = PBXFileReference; lastKnownFileType = sourcecode.swift; path = NotesClipboardMigration.swift; sourceTree = "<group>"; };
		8D1B19E37F9DEE038DE32B26 /* ClipboardMonitorService.swift */ = {isa = PBXFileReference; lastKnownFileType = sourcecode.swift; path = ClipboardMonitorService.swift; sourceTree = "<group>"; };
		8D37475DD0560D594BCD02DC /* EmbeddedWebViewRegistry.swift */ = {isa = PBXFileReference; lastKnownFileType = sourcecode.swift; path = EmbeddedWebViewRegistry.swift; sourceTree = "<group>"; };
		9169DE152DD2077D9F7C4DB3 /* AppViewModel.swift */ = {isa = PBXFileReference; lastKnownFileType = sourcecode.swift; path = AppViewModel.swift; sourceTree = "<group>"; };
		91C3018A0AFE8668C0B1FC5D /* GoogleWebSignInURL.swift */ = {isa = PBXFileReference; lastKnownFileType = sourcecode.swift; path = GoogleWebSignInURL.swift; sourceTree = "<group>"; };
		927BBCFD3EA8B38DF2FC4788 /* AccountCategoryEditorSheet.swift */ = {isa = PBXFileReference; lastKnownFileType = sourcecode.swift; path = AccountCategoryEditorSheet.swift; sourceTree = "<group>"; };
		948AE221487288E373756BDD /* MailWorkspaceView.swift */ = {isa = PBXFileReference; lastKnownFileType = sourcecode.swift; path = MailWorkspaceView.swift; sourceTree = "<group>"; };
		953865571573F05622595783 /* NotesWorkspaceView.swift */ = {isa = PBXFileReference; lastKnownFileType = sourcecode.swift; path = NotesWorkspaceView.swift; sourceTree = "<group>"; };
		95F9299FA19C03821267F616 /* WorkspaceStatusBadge.swift */ = {isa = PBXFileReference; lastKnownFileType = sourcecode.swift; path = WorkspaceStatusBadge.swift; sourceTree = "<group>"; };
		964EE9A5CC0993B6B53D3120 /* AuthStateMigration.swift */ = {isa = PBXFileReference; lastKnownFileType = sourcecode.swift; path = AuthStateMigration.swift; sourceTree = "<group>"; };
		99525F1C7DA669B771908581 /* CalendarWebAuthIndexStore.swift */ = {isa = PBXFileReference; lastKnownFileType = sourcecode.swift; path = CalendarWebAuthIndexStore.swift; sourceTree = "<group>"; };
		9987E7B42A89E15817F7CAD9 /* ReleaseNotesLoader.swift */ = {isa = PBXFileReference; lastKnownFileType = sourcecode.swift; path = ReleaseNotesLoader.swift; sourceTree = "<group>"; };
		9F2DE343844F3EF7B493842C /* StartupSplashView.swift */ = {isa = PBXFileReference; lastKnownFileType = sourcecode.swift; path = StartupSplashView.swift; sourceTree = "<group>"; };
		A1ADB4D8B805C7C16E7A1939 /* NucleusMail.caf */ = {isa = PBXFileReference; path = NucleusMail.caf; sourceTree = "<group>"; };
		A6EDADCCF24985DEF2C1A2DB /* ReleaseNotesDetailView.swift */ = {isa = PBXFileReference; lastKnownFileType = sourcecode.swift; path = ReleaseNotesDetailView.swift; sourceTree = "<group>"; };
		B6238A17B183A8059CB7A2C0 /* SparkleUpdater.swift */ = {isa = PBXFileReference; lastKnownFileType = sourcecode.swift; path = SparkleUpdater.swift; sourceTree = "<group>"; };
		B95AA6B0D2A2C4F3ACD4653E /* GoogleOAuthConfigurationLoader.swift */ = {isa = PBXFileReference; lastKnownFileType = sourcecode.swift; path = GoogleOAuthConfigurationLoader.swift; sourceTree = "<group>"; };
		BF4B3460305D779B31B79D8C /* Assets.xcassets */ = {isa = PBXFileReference; lastKnownFileType = folder.assetcatalog; path = Assets.xcassets; sourceTree = "<group>"; };
		C201B6D32546E035E9D04B57 /* MailInboxLoadingPhase.swift */ = {isa = PBXFileReference; lastKnownFileType = sourcecode.swift; path = MailInboxLoadingPhase.swift; sourceTree = "<group>"; };
		C2698972D63EAE12C5F050DE /* NucleusApp.swift */ = {isa = PBXFileReference; lastKnownFileType = sourcecode.swift; path = NucleusApp.swift; sourceTree = "<group>"; };
		C643F64124025FA6F196C435 /* ClipboardWorkspaceView.swift */ = {isa = PBXFileReference; lastKnownFileType = sourcecode.swift; path = ClipboardWorkspaceView.swift; sourceTree = "<group>"; };
		C6C43800AFF7B02A1B95466D /* Nucleus_DeveloperID.provisionprofile */ = {isa = PBXFileReference; path = Nucleus_DeveloperID.provisionprofile; sourceTree = "<group>"; };
		CDFFBFACBD2632D34A43FC55 /* RegistryReleaseNotesClient.swift */ = {isa = PBXFileReference; lastKnownFileType = sourcecode.swift; path = RegistryReleaseNotesClient.swift; sourceTree = "<group>"; };
		E4CEADA0142869F8949F55DD /* SupportViews.swift */ = {isa = PBXFileReference; lastKnownFileType = sourcecode.swift; path = SupportViews.swift; sourceTree = "<group>"; };
		E5971F41F5427FCE836471DA /* EmbeddedWebViewContainer.swift */ = {isa = PBXFileReference; lastKnownFileType = sourcecode.swift; path = EmbeddedWebViewContainer.swift; sourceTree = "<group>"; };
		F73321C16D7956F50F538A6E /* ClipboardPasteController.swift */ = {isa = PBXFileReference; lastKnownFileType = sourcecode.swift; path = ClipboardPasteController.swift; sourceTree = "<group>"; };
/* End PBXFileReference section */

/* Begin PBXFrameworksBuildPhase section */
		4618B6C17309E86A956A0ED6 /* Frameworks */ = {
			isa = PBXFrameworksBuildPhase;
			buildActionMask = 2147483647;
			files = (
				06E33DD4ED6CCAE1245318FB /* Sparkle in Frameworks */,
				4502C4FF7AEF207C5B35F583 /* NucleusKit in Frameworks */,
				D867766C290D28A0DCB552EA /* DatabaseKit in Frameworks */,
				1009C3EAC35EB16973A02E97 /* AccountKit in Frameworks */,
				E61500042BE1E8A2138B4EDD /* MailKit in Frameworks */,
				C7B8138444FEA8F5600C4648 /* CalendarKit in Frameworks */,
				0DF76E6C3FFC27AFE1D7BCFC /* ClipboardKit in Frameworks */,
				DDA9D760632D2CDC4544A09A /* NotesKit in Frameworks */,
				1C16F495A356343A23379879 /* SyncKit in Frameworks */,
			);
			runOnlyForDeploymentPostprocessing = 0;
		};
/* End PBXFrameworksBuildPhase section */

/* Begin PBXGroup section */
		1D490A0B2835A4B7A3D80054 /* Components */ = {
			isa = PBXGroup;
			children = (
				927BBCFD3EA8B38DF2FC4788 /* AccountCategoryEditorSheet.swift */,
				69A7BEC28EFE1D402738D081 /* AccountCenterView.swift */,
				015B76265392421D7C57E815 /* AddWebGmailAccountSheet.swift */,
				6F58A8AC449384291C26E26C /* CalendarWorkspaceView.swift */,
				68D014822AC55CF805FF2873 /* ChatWorkspaceView.swift */,
				2D130F5FD244D81A8B8DBE22 /* ClipboardPickerView.swift */,
				C643F64124025FA6F196C435 /* ClipboardWorkspaceView.swift */,
				C201B6D32546E035E9D04B57 /* MailInboxLoadingPhase.swift */,
				948AE221487288E373756BDD /* MailWorkspaceView.swift */,
				953865571573F05622595783 /* NotesWorkspaceView.swift */,
				4FE025998DE849CA2FCBCC91 /* NucleusTheme.swift */,
				A6EDADCCF24985DEF2C1A2DB /* ReleaseNotesDetailView.swift */,
				9F2DE343844F3EF7B493842C /* StartupSplashView.swift */,
				E4CEADA0142869F8949F55DD /* SupportViews.swift */,
				31C5C1AF3794BF5FF1456573 /* WhatsNewOverlay.swift */,
				95F9299FA19C03821267F616 /* WorkspaceStatusBadge.swift */,
			);
			path = Components;
			sourceTree = "<group>";
		};
		466AF8445649955C30A247E1 /* Nucleus */ = {
			isa = PBXGroup;
			children = (
				414321C6FA288B25C3F312A3 /* AppSettings.swift */,
				9169DE152DD2077D9F7C4DB3 /* AppViewModel.swift */,
				BF4B3460305D779B31B79D8C /* Assets.xcassets */,
				3C96EA452B81430207A5A9FB /* Info.plist */,
				C6C43800AFF7B02A1B95466D /* Nucleus_DeveloperID.provisionprofile */,
				C2698972D63EAE12C5F050DE /* NucleusApp.swift */,
				B6238A17B183A8059CB7A2C0 /* SparkleUpdater.swift */,
				F046C7E266E5FB494BFEE70A /* Assets */,
				1D490A0B2835A4B7A3D80054 /* Components */,
				6F6FFB061DF1DABAB49226B9 /* Resources */,
				70C6AE6CD197164C03FC3FC2 /* Services */,
			);
			path = Nucleus;
			sourceTree = "<group>";
		};
		472C12B3B9F7D613EFE7E63D /* Sounds */ = {
			isa = PBXGroup;
			children = (
				500EAAED9E0A3F359D797709 /* Funky.caf */,
				A1ADB4D8B805C7C16E7A1939 /* NucleusMail.caf */,
			);
			path = Sounds;
			sourceTree = "<group>";
		};
		6F6FFB061DF1DABAB49226B9 /* Resources */ = {
			isa = PBXGroup;
			children = (
				2F1A694368885A964F497B45 /* ReleaseNotes.json */,
			);
			path = Resources;
			sourceTree = "<group>";
		};
		70C6AE6CD197164C03FC3FC2 /* Services */ = {
			isa = PBXGroup;
			children = (
				964EE9A5CC0993B6B53D3120 /* AuthStateMigration.swift */,
				50537B36D31255DB7C3030C9 /* BackgroundSyncServices.swift */,
				99525F1C7DA669B771908581 /* CalendarWebAuthIndexStore.swift */,
				8D1B19E37F9DEE038DE32B26 /* ClipboardMonitorService.swift */,
				F73321C16D7956F50F538A6E /* ClipboardPasteController.swift */,
				035D0E9FC4A418A7C52523C6 /* DockBadgeController.swift */,
				E5971F41F5427FCE836471DA /* EmbeddedWebViewContainer.swift */,
				8D37475DD0560D594BCD02DC /* EmbeddedWebViewRegistry.swift */,
				7C19EFA3DE919CAF339A8D6E /* GmailWebSessionStore.swift */,
				B95AA6B0D2A2C4F3ACD4653E /* GoogleOAuthConfigurationLoader.swift */,
				91C3018A0AFE8668C0B1FC5D /* GoogleWebSignInURL.swift */,
				046B650FCA89CA8C322D0A3B /* HourlyBeep.swift */,
				68AD664CB4410FC8FBE21B1C /* HourlyBeepService.swift */,
				81F61F31E82EC125D210B051 /* NotesClipboardMigration.swift */,
				7A0BFA8EFB82901232FB9B24 /* NotificationUserInfo.swift */,
				584F84F9AF029CC4D8800A01 /* NucleusNotificationService.swift */,
				CDFFBFACBD2632D34A43FC55 /* RegistryReleaseNotesClient.swift */,
				9987E7B42A89E15817F7CAD9 /* ReleaseNotesLoader.swift */,
				18EF3BE5CDCDF196B18E0AAC /* SettingsSyncBridge.swift */,
				36D30869A475802CF2EC37F9 /* WindowLayoutController.swift */,
				2C3B6F07B15EF705C5429DF9 /* WKWebView+Visibility.swift */,
			);
			path = Services;
			sourceTree = "<group>";
		};
		952FE1F1150C5DD27FAF45EF /* Products */ = {
			isa = PBXGroup;
			children = (
				35B2C2677CC4B681656C62C2 /* Nucleus.app */,
			);
			name = Products;
			sourceTree = "<group>";
		};
		BE87F95A911B3BC122A2E31A /* Packages */ = {
			isa = PBXGroup;
			children = (
				0E94FBF67AC3185DD7F65D61 /* nucleus */,
			);
			name = Packages;
			sourceTree = "<group>";
		};
		DF5C11EBC4E7F41C308C26CC = {
			isa = PBXGroup;
			children = (
				466AF8445649955C30A247E1 /* Nucleus */,
				BE87F95A911B3BC122A2E31A /* Packages */,
				952FE1F1150C5DD27FAF45EF /* Products */,
			);
			sourceTree = "<group>";
		};
		F046C7E266E5FB494BFEE70A /* Assets */ = {
			isa = PBXGroup;
			children = (
				472C12B3B9F7D613EFE7E63D /* Sounds */,
			);
			path = Assets;
			sourceTree = "<group>";
		};
/* End PBXGroup section */

/* Begin PBXNativeTarget section */
		DB1E0D2630414328DE7163D5 /* Nucleus */ = {
			isa = PBXNativeTarget;
			buildConfigurationList = 7E09C760230D6FFCA85855E1 /* Build configuration list for PBXNativeTarget "Nucleus" */;
			buildPhases = (
				8B0D2F05B6C97289D2969A9A /* Sources */,
				3B7F2D5D8FB141CBE3BF22D8 /* Resources */,
				4618B6C17309E86A956A0ED6 /* Frameworks */,
			);
			buildRules = (
			);
			dependencies = (
			);
			name = Nucleus;
			packageProductDependencies = (
				0E4DA79CEF8E748BA3E23EAA /* Sparkle */,
				3AEE0E5864A512AD45140FF0 /* NucleusKit */,
				DAECE07451118013D6E717ED /* DatabaseKit */,
				ECEB06ED4768094EA96F5F7E /* AccountKit */,
				05DB77AAF24A6898436A8A52 /* MailKit */,
				0663CFC119484D7BD11FB843 /* CalendarKit */,
				F1636452BBBF1856D36D7603 /* ClipboardKit */,
				93B2C6D49EA5F6E3F446A3F3 /* NotesKit */,
				FED7A9E834289C4FDE54F124 /* SyncKit */,
			);
			productName = Nucleus;
			productReference = 35B2C2677CC4B681656C62C2 /* Nucleus.app */;
			productType = "com.apple.product-type.application";
		};
/* End PBXNativeTarget section */

/* Begin PBXProject section */
		0CF985CADA30704845FA3B25 /* Project object */ = {
			isa = PBXProject;
			attributes = {
				BuildIndependentTargetsInParallel = YES;
				LastUpgradeCheck = 1430;
				TargetAttributes = {
					DB1E0D2630414328DE7163D5 = {
						DevelopmentTeam = Q3TXW887NM;
						ProvisioningStyle = Automatic;
					};
				};
			};
			buildConfigurationList = D2E13B3292A4C8F950F568E7 /* Build configuration list for PBXProject "Nucleus" */;
			developmentRegion = en;
			hasScannedForEncodings = 0;
			knownRegions = (
				Base,
				en,
			);
			mainGroup = DF5C11EBC4E7F41C308C26CC;
			minimizedProjectReferenceProxies = 1;
			packageReferences = (
				747853A3A9D5E77150015D34 /* XCRemoteSwiftPackageReference "Sparkle" */,
				F65862AD11A475D420DB7D40 /* XCLocalSwiftPackageReference ".." */,
			);
			preferredProjectObjectVersion = 77;
			productRefGroup = 952FE1F1150C5DD27FAF45EF /* Products */;
			projectDirPath = "";
			projectRoot = "";
			targets = (
				DB1E0D2630414328DE7163D5 /* Nucleus */,
			);
		};
/* End PBXProject section */

/* Begin PBXResourcesBuildPhase section */
		3B7F2D5D8FB141CBE3BF22D8 /* Resources */ = {
			isa = PBXResourcesBuildPhase;
			buildActionMask = 2147483647;
			files = (
				3F48A8BA617C1BF575B71A17 /* Assets.xcassets in Resources */,
				4E988604D8181071BA70B0EF /* Funky.caf in Resources */,
				627462CDC0887CCD00A910E4 /* NucleusMail.caf in Resources */,
				E3AA1CB51FE3D2B0B15677A0 /* Nucleus_DeveloperID.provisionprofile in Resources */,
				67D16211CC02FDAF4A0379CD /* ReleaseNotes.json in Resources */,
			);
			runOnlyForDeploymentPostprocessing = 0;
		};
/* End PBXResourcesBuildPhase section */

/* Begin PBXSourcesBuildPhase section */
		8B0D2F05B6C97289D2969A9A /* Sources */ = {
			isa = PBXSourcesBuildPhase;
			buildActionMask = 2147483647;
			files = (
				E084DF303AFCF5970158EC6C /* AccountCategoryEditorSheet.swift in Sources */,
				0DF8DBEBA58E40936F22C450 /* AccountCenterView.swift in Sources */,
				EDB250E352E4A3372A211D5C /* AddWebGmailAccountSheet.swift in Sources */,
				779C8BFFA5C17B8EEC8E9296 /* AppSettings.swift in Sources */,
				B9E2844DD110DC0608825A91 /* AppViewModel.swift in Sources */,
				C8B7DC0B032F4FA042820B5B /* AuthStateMigration.swift in Sources */,
				2E92D4BDB66A47E6E813E56B /* BackgroundSyncServices.swift in Sources */,
				DCC4B4B8A424D0C638BDAD3C /* CalendarWebAuthIndexStore.swift in Sources */,
				86A2EDB6E47C37FFBA5DE437 /* CalendarWorkspaceView.swift in Sources */,
				8489DED1153909B55543B5E4 /* ChatWorkspaceView.swift in Sources */,
				04F320BF6094F76B0F24258B /* ClipboardMonitorService.swift in Sources */,
				92F3296DC4AFB5C4A78EF11D /* ClipboardPasteController.swift in Sources */,
				E45F6E0F6660F34010CFDEBE /* ClipboardPickerView.swift in Sources */,
				194D73C14442409686DEF2AE /* ClipboardWorkspaceView.swift in Sources */,
				C442A46B050B3F01536FCC47 /* DockBadgeController.swift in Sources */,
				37A6CBA22087747F45F0F4F5 /* EmbeddedWebViewContainer.swift in Sources */,
				8AA22D21D12A34FDC718D87B /* EmbeddedWebViewRegistry.swift in Sources */,
				9DD421879CE8E2380986DE94 /* GmailWebSessionStore.swift in Sources */,
				1DDFDCAF38135EC627A0E7A8 /* GoogleOAuthConfigurationLoader.swift in Sources */,
				8893C084748D7E66C6211F57 /* GoogleWebSignInURL.swift in Sources */,
				98D83C9FEF7CEB8DF54441FE /* HourlyBeep.swift in Sources */,
				642590B42B17C9B63C0BB830 /* HourlyBeepService.swift in Sources */,
				AA2B9B165190FE2E23E7AD95 /* MailInboxLoadingPhase.swift in Sources */,
				68F673476FAE5D0CA8204F89 /* MailWorkspaceView.swift in Sources */,
				CD6372D2C3B60CF249E70D00 /* NotesClipboardMigration.swift in Sources */,
				51EAB3CEA8190FEC48F1F8B8 /* NotesWorkspaceView.swift in Sources */,
				89DD2F6A9B7E342945B2F792 /* NotificationUserInfo.swift in Sources */,
				C0DBC257A8BAB9C658468527 /* NucleusApp.swift in Sources */,
				2A0B56C8E90F257BB66650C4 /* NucleusNotificationService.swift in Sources */,
				5AB3E566D34F7195E90F8AF2 /* NucleusTheme.swift in Sources */,
				5C5D19FBE763E1524A4E831C /* RegistryReleaseNotesClient.swift in Sources */,
				D21146D10DFFE04416870233 /* ReleaseNotesDetailView.swift in Sources */,
				6A81848593CE059032A516A7 /* ReleaseNotesLoader.swift in Sources */,
				4F9239E03B04C76F97BF4728 /* SettingsSyncBridge.swift in Sources */,
				68556500C668B7A54CCA4BA4 /* SparkleUpdater.swift in Sources */,
				5E7C65A062AF7D911926A67F /* StartupSplashView.swift in Sources */,
				DA24CFEA61CAC79C5A243DA0 /* SupportViews.swift in Sources */,
				4C597A31214F502918BAE394 /* WKWebView+Visibility.swift in Sources */,
				914183577EE397F3EA7C0EF7 /* WhatsNewOverlay.swift in Sources */,
				D269748A37583FCD001DE941 /* WindowLayoutController.swift in Sources */,
				9B0DCC0F8A21372D7F8D82F1 /* WorkspaceStatusBadge.swift in Sources */,
			);
			runOnlyForDeploymentPostprocessing = 0;
		};
/* End PBXSourcesBuildPhase section */

/* Begin XCBuildConfiguration section */
		1B12112A073A32495740AAB5 /* Debug */ = {
			isa = XCBuildConfiguration;
			buildSettings = {
				ALWAYS_SEARCH_USER_PATHS = NO;
				CLANG_ANALYZER_NONNULL = YES;
				CLANG_ANALYZER_NUMBER_OBJECT_CONVERSION = YES_AGGRESSIVE;
				CLANG_CXX_LANGUAGE_STANDARD = "gnu++14";
				CLANG_CXX_LIBRARY = "libc++";
				CLANG_ENABLE_MODULES = YES;
				CLANG_ENABLE_OBJC_ARC = YES;
				CLANG_ENABLE_OBJC_WEAK = YES;
				CLANG_WARN_BLOCK_CAPTURE_AUTORELEASING = YES;
				CLANG_WARN_BOOL_CONVERSION = YES;
				CLANG_WARN_COMMA = YES;
				CLANG_WARN_CONSTANT_CONVERSION = YES;
				CLANG_WARN_DEPRECATED_OBJC_IMPLEMENTATIONS = YES;
				CLANG_WARN_DIRECT_OBJC_ISA_USAGE = YES_ERROR;
				CLANG_WARN_DOCUMENTATION_COMMENTS = YES;
				CLANG_WARN_EMPTY_BODY = YES;
				CLANG_WARN_ENUM_CONVERSION = YES;
				CLANG_WARN_INFINITE_RECURSION = YES;
				CLANG_WARN_INT_CONVERSION = YES;
				CLANG_WARN_NON_LITERAL_NULL_CONVERSION = YES;
				CLANG_WARN_OBJC_IMPLICIT_RETAIN_SELF = YES;
				CLANG_WARN_OBJC_LITERAL_CONVERSION = YES;
				CLANG_WARN_OBJC_ROOT_CLASS = YES_ERROR;
				CLANG_WARN_QUOTED_INCLUDE_IN_FRAMEWORK_HEADER = YES;
				CLANG_WARN_RANGE_LOOP_ANALYSIS = YES;
				CLANG_WARN_STRICT_PROTOTYPES = YES;
				CLANG_WARN_SUSPICIOUS_MOVE = YES;
				CLANG_WARN_UNGUARDED_AVAILABILITY = YES_AGGRESSIVE;
				CLANG_WARN_UNREACHABLE_CODE = YES;
				CLANG_WARN__DUPLICATE_METHOD_MATCH = YES;
				COPY_PHASE_STRIP = NO;
				DEBUG_INFORMATION_FORMAT = dwarf;
				ENABLE_STRICT_OBJC_MSGSEND = YES;
				ENABLE_TESTABILITY = YES;
				GCC_C_LANGUAGE_STANDARD = gnu11;
				GCC_DYNAMIC_NO_PIC = NO;
				GCC_NO_COMMON_BLOCKS = YES;
				GCC_OPTIMIZATION_LEVEL = 0;
				GCC_PREPROCESSOR_DEFINITIONS = (
					"$(inherited)",
					"DEBUG=1",
				);
				GCC_WARN_64_TO_32_BIT_CONVERSION = YES;
				GCC_WARN_ABOUT_RETURN_TYPE = YES_ERROR;
				GCC_WARN_UNDECLARED_SELECTOR = YES;
				GCC_WARN_UNINITIALIZED_AUTOS = YES_AGGRESSIVE;
				GCC_WARN_UNUSED_FUNCTION = YES;
				GCC_WARN_UNUSED_VARIABLE = YES;
				MACOSX_DEPLOYMENT_TARGET = 14.0;
				MTL_ENABLE_DEBUG_INFO = INCLUDE_SOURCE;
				MTL_FAST_MATH = YES;
				ONLY_ACTIVE_ARCH = YES;
				PRODUCT_NAME = "$(TARGET_NAME)";
				SDKROOT = macosx;
				SWIFT_ACTIVE_COMPILATION_CONDITIONS = DEBUG;
				SWIFT_OPTIMIZATION_LEVEL = "-Onone";
				SWIFT_VERSION = 5.9;
			};
			name = Debug;
		};
		5E80A35875DE6FD818AC8820 /* Release */ = {
			isa = XCBuildConfiguration;
			buildSettings = {
				ALWAYS_SEARCH_USER_PATHS = NO;
				CLANG_ANALYZER_NONNULL = YES;
				CLANG_ANALYZER_NUMBER_OBJECT_CONVERSION = YES_AGGRESSIVE;
				CLANG_CXX_LANGUAGE_STANDARD = "gnu++14";
				CLANG_CXX_LIBRARY = "libc++";
				CLANG_ENABLE_MODULES = YES;
				CLANG_ENABLE_OBJC_ARC = YES;
				CLANG_ENABLE_OBJC_WEAK = YES;
				CLANG_WARN_BLOCK_CAPTURE_AUTORELEASING = YES;
				CLANG_WARN_BOOL_CONVERSION = YES;
				CLANG_WARN_COMMA = YES;
				CLANG_WARN_CONSTANT_CONVERSION = YES;
				CLANG_WARN_DEPRECATED_OBJC_IMPLEMENTATIONS = YES;
				CLANG_WARN_DIRECT_OBJC_ISA_USAGE = YES_ERROR;
				CLANG_WARN_DOCUMENTATION_COMMENTS = YES;
				CLANG_WARN_EMPTY_BODY = YES;
				CLANG_WARN_ENUM_CONVERSION = YES;
				CLANG_WARN_INFINITE_RECURSION = YES;
				CLANG_WARN_INT_CONVERSION = YES;
				CLANG_WARN_NON_LITERAL_NULL_CONVERSION = YES;
				CLANG_WARN_OBJC_IMPLICIT_RETAIN_SELF = YES;
				CLANG_WARN_OBJC_LITERAL_CONVERSION = YES;
				CLANG_WARN_OBJC_ROOT_CLASS = YES_ERROR;
				CLANG_WARN_QUOTED_INCLUDE_IN_FRAMEWORK_HEADER = YES;
				CLANG_WARN_RANGE_LOOP_ANALYSIS = YES;
				CLANG_WARN_STRICT_PROTOTYPES = YES;
				CLANG_WARN_SUSPICIOUS_MOVE = YES;
				CLANG_WARN_UNGUARDED_AVAILABILITY = YES_AGGRESSIVE;
				CLANG_WARN_UNREACHABLE_CODE = YES;
				CLANG_WARN__DUPLICATE_METHOD_MATCH = YES;
				COPY_PHASE_STRIP = NO;
				DEBUG_INFORMATION_FORMAT = "dwarf-with-dsym";
				ENABLE_NS_ASSERTIONS = NO;
				ENABLE_STRICT_OBJC_MSGSEND = YES;
				GCC_C_LANGUAGE_STANDARD = gnu11;
				GCC_NO_COMMON_BLOCKS = YES;
				GCC_WARN_64_TO_32_BIT_CONVERSION = YES;
				GCC_WARN_ABOUT_RETURN_TYPE = YES_ERROR;
				GCC_WARN_UNDECLARED_SELECTOR = YES;
				GCC_WARN_UNINITIALIZED_AUTOS = YES_AGGRESSIVE;
				GCC_WARN_UNUSED_FUNCTION = YES;
				GCC_WARN_UNUSED_VARIABLE = YES;
				MACOSX_DEPLOYMENT_TARGET = 14.0;
				MTL_ENABLE_DEBUG_INFO = NO;
				MTL_FAST_MATH = YES;
				PRODUCT_NAME = "$(TARGET_NAME)";
				SDKROOT = macosx;
				SWIFT_COMPILATION_MODE = wholemodule;
				SWIFT_OPTIMIZATION_LEVEL = "-O";
				SWIFT_VERSION = 5.9;
			};
			name = Release;
		};
		F83F4D0675A69EA7EDA64DA6 /* Debug */ = {
			isa = XCBuildConfiguration;
			buildSettings = {
				ASSETCATALOG_COMPILER_APPICON_NAME = AppIcon;
				CODE_SIGN_ENTITLEMENTS = Nucleus/entitlements.mac.plist;
				CODE_SIGN_STYLE = Automatic;
				COMBINE_HIDPI_IMAGES = YES;
				CURRENT_PROJECT_VERSION = 3030;
				DEVELOPMENT_TEAM = Q3TXW887NM;
				ENABLE_HARDENED_RUNTIME = YES;
				INFOPLIST_FILE = Nucleus/Info.plist;
				LD_RUNPATH_SEARCH_PATHS = (
					"$(inherited)",
					"@executable_path/../Frameworks",
				);
				MARKETING_VERSION = 0.3.30;
				PRODUCT_BUNDLE_IDENTIFIER = net.suherman.nucleus;
				SDKROOT = macosx;
				SPARKLE_FEED_URL = "http://127.0.0.1:3000/appcast.xml";
				SPARKLE_PUBLIC_ED_KEY = "B6P7+AkeawAfMFk4f5j3+0diuQWorDuCYNrVX0vJeV0=";
			};
			name = Debug;
		};
		FDC228E8C9126A8BEF13682E /* Release */ = {
			isa = XCBuildConfiguration;
			buildSettings = {
				ASSETCATALOG_COMPILER_APPICON_NAME = AppIcon;
				CODE_SIGN_ENTITLEMENTS = Nucleus/entitlements.mac.plist;
				CODE_SIGN_STYLE = Automatic;
				COMBINE_HIDPI_IMAGES = YES;
				CURRENT_PROJECT_VERSION = 3030;
				DEVELOPMENT_TEAM = Q3TXW887NM;
				ENABLE_HARDENED_RUNTIME = YES;
				INFOPLIST_FILE = Nucleus/Info.plist;
				LD_RUNPATH_SEARCH_PATHS = (
					"$(inherited)",
					"@executable_path/../Frameworks",
				);
				MARKETING_VERSION = 0.3.30;
				PRODUCT_BUNDLE_IDENTIFIER = net.suherman.nucleus;
				SDKROOT = macosx;
				SPARKLE_FEED_URL = "https://nucleus-registry.suherman.net/appcast.xml";
				SPARKLE_PUBLIC_ED_KEY = "B6P7+AkeawAfMFk4f5j3+0diuQWorDuCYNrVX0vJeV0=";
			};
			name = Release;
		};
/* End XCBuildConfiguration section */

/* Begin XCConfigurationList section */
		7E09C760230D6FFCA85855E1 /* Build configuration list for PBXNativeTarget "Nucleus" */ = {
			isa = XCConfigurationList;
			buildConfigurations = (
				F83F4D0675A69EA7EDA64DA6 /* Debug */,
				FDC228E8C9126A8BEF13682E /* Release */,
			);
			defaultConfigurationIsVisible = 0;
			defaultConfigurationName = Debug;
		};
		D2E13B3292A4C8F950F568E7 /* Build configuration list for PBXProject "Nucleus" */ = {
			isa = XCConfigurationList;
			buildConfigurations = (
				1B12112A073A32495740AAB5 /* Debug */,
				5E80A35875DE6FD818AC8820 /* Release */,
			);
			defaultConfigurationIsVisible = 0;
			defaultConfigurationName = Debug;
		};
/* End XCConfigurationList section */

/* Begin XCLocalSwiftPackageReference section */
		F65862AD11A475D420DB7D40 /* XCLocalSwiftPackageReference ".." */ = {
			isa = XCLocalSwiftPackageReference;
			relativePath = ..;
		};
/* End XCLocalSwiftPackageReference section */

/* Begin XCRemoteSwiftPackageReference section */
		747853A3A9D5E77150015D34 /* XCRemoteSwiftPackageReference "Sparkle" */ = {
			isa = XCRemoteSwiftPackageReference;
			repositoryURL = "https://github.com/sparkle-project/Sparkle";
			requirement = {
				kind = upToNextMajorVersion;
				minimumVersion = 2.7.0;
			};
		};
/* End XCRemoteSwiftPackageReference section */

/* Begin XCSwiftPackageProductDependency section */
		05DB77AAF24A6898436A8A52 /* MailKit */ = {
			isa = XCSwiftPackageProductDependency;
			productName = MailKit;
		};
		0663CFC119484D7BD11FB843 /* CalendarKit */ = {
			isa = XCSwiftPackageProductDependency;
			productName = CalendarKit;
		};
		0E4DA79CEF8E748BA3E23EAA /* Sparkle */ = {
			isa = XCSwiftPackageProductDependency;
			package = 747853A3A9D5E77150015D34 /* XCRemoteSwiftPackageReference "Sparkle" */;
			productName = Sparkle;
		};
		3AEE0E5864A512AD45140FF0 /* NucleusKit */ = {
			isa = XCSwiftPackageProductDependency;
			productName = NucleusKit;
		};
		93B2C6D49EA5F6E3F446A3F3 /* NotesKit */ = {
			isa = XCSwiftPackageProductDependency;
			productName = NotesKit;
		};
		DAECE07451118013D6E717ED /* DatabaseKit */ = {
			isa = XCSwiftPackageProductDependency;
			productName = DatabaseKit;
		};
		ECEB06ED4768094EA96F5F7E /* AccountKit */ = {
			isa = XCSwiftPackageProductDependency;
			productName = AccountKit;
		};
		F1636452BBBF1856D36D7603 /* ClipboardKit */ = {
			isa = XCSwiftPackageProductDependency;
			productName = ClipboardKit;
		};
		FED7A9E834289C4FDE54F124 /* SyncKit */ = {
			isa = XCSwiftPackageProductDependency;
			productName = SyncKit;
		};
/* End XCSwiftPackageProductDependency section */
	};
	rootObject = 0CF985CADA30704845FA3B25 /* Project object */;
}
