// !$*UTF8*$!
{
	archiveVersion = 1;
	classes = {
	};
	objectVersion = 77;
	objects = {

/* Begin PBXBuildFile section */
		1454EB4D3E94990105825767 /* MobileRootView.swift in Sources */ = {isa = PBXBuildFile; fileRef = 05AD418210F4B4E322618BDF /* MobileRootView.swift */; };
		210904D3A99922AF428A222B /* NucleusUI in Frameworks */ = {isa = PBXBuildFile; productRef = 21BB636267DAD37E532C79F5 /* NucleusUI */; };
		263D2B374908679EA2154EDA /* AppStoreScreenshotTests.swift in Sources */ = {isa = PBXBuildFile; fileRef = 664B62CB990EAF86B1A20539 /* AppStoreScreenshotTests.swift */; };
		27C07F83C8C5581BCD9A725E /* MobileNotificationDelegate.swift in Sources */ = {isa = PBXBuildFile; fileRef = 64AD094B689190356A982FEF /* MobileNotificationDelegate.swift */; };
		2934702A576CAA7A5E412CF9 /* TabletRootView.swift in Sources */ = {isa = PBXBuildFile; fileRef = 36C8A3C6ACCEE859BEB6EE7C /* TabletRootView.swift */; };
		6004B7EC765FD21122D95F5B /* DashboardScreen.swift in Sources */ = {isa = PBXBuildFile; fileRef = 06B9D41100EF35CD76112D20 /* DashboardScreen.swift */; };
		67B42FF4E7AC2C6B3A30D967 /* NucleusCore in Frameworks */ = {isa = PBXBuildFile; productRef = EA9A5099159BBEB6D87E9569 /* NucleusCore */; };
		6AE673DB077E872544D16D7D /* WorkspaceScreens.swift in Sources */ = {isa = PBXBuildFile; fileRef = FB8D424370D4A85FA42CBEB2 /* WorkspaceScreens.swift */; };
		8BD82BEA490EAE694B3C985A /* Assets.xcassets in Resources */ = {isa = PBXBuildFile; fileRef = D5CF62ADA8B73D867AA59582 /* Assets.xcassets */; };
		8FA200E1337E685A2B49FCC5 /* CalendarScreen.swift in Sources */ = {isa = PBXBuildFile; fileRef = FD103515078DE6204CE5CA18 /* CalendarScreen.swift */; };
		9D77CD6F6518920313EAE8C4 /* NucleusIOSApp.swift in Sources */ = {isa = PBXBuildFile; fileRef = 81DD1C5C00FFB3720FFE53A4 /* NucleusIOSApp.swift */; };
		A7FC776FE5B29C9CEF8639F3 /* MobileDeviceLockScreen.swift in Sources */ = {isa = PBXBuildFile; fileRef = 1EDD708A0AACBD1CAC9D42DE /* MobileDeviceLockScreen.swift */; };
		DEF49DDB5A6D71DEB4C809B4 /* ReleaseNotes.json in Resources */ = {isa = PBXBuildFile; fileRef = E28F99D70036651C4397E5BE /* ReleaseNotes.json */; };
		DF8F38694F218A3EC1FB55A2 /* MobileDeviceLockService.swift in Sources */ = {isa = PBXBuildFile; fileRef = 7A6646175307521CA4FB7197 /* MobileDeviceLockService.swift */; };
		E6FFEB68ED5C8F1C806D61CA /* PhoneRootView.swift in Sources */ = {isa = PBXBuildFile; fileRef = 582D4ABB589982477F4F9438 /* PhoneRootView.swift */; };
		EE8B885912FCE650739554D7 /* MobileAppViewModel.swift in Sources */ = {isa = PBXBuildFile; fileRef = 410288DECCDA6B0F278D517A /* MobileAppViewModel.swift */; };
		F10991CF120092F92BC07F3F /* BillsScreen.swift in Sources */ = {isa = PBXBuildFile; fileRef = 6CCFCF3D2F070C5ECDA783A6 /* BillsScreen.swift */; };
/* End PBXBuildFile section */

/* Begin PBXContainerItemProxy section */
		8CA0A0F19B274235D66D3312 /* PBXContainerItemProxy */ = {
			isa = PBXContainerItemProxy;
			containerPortal = 2F57A50CCAE4FAC65E2916B9 /* Project object */;
			proxyType = 1;
			remoteGlobalIDString = B94E763CD502A8AC37AEB2A4;
			remoteInfo = NucleusIOS;
		};
/* End PBXContainerItemProxy section */

/* Begin PBXFileReference section */
		05AD418210F4B4E322618BDF /* MobileRootView.swift */ = {isa = PBXFileReference; lastKnownFileType = sourcecode.swift; path = MobileRootView.swift; sourceTree = "<group>"; };
		06B9D41100EF35CD76112D20 /* DashboardScreen.swift */ = {isa = PBXFileReference; lastKnownFileType = sourcecode.swift; path = DashboardScreen.swift; sourceTree = "<group>"; };
		1EDD708A0AACBD1CAC9D42DE /* MobileDeviceLockScreen.swift */ = {isa = PBXFileReference; lastKnownFileType = sourcecode.swift; path = MobileDeviceLockScreen.swift; sourceTree = "<group>"; };
		36C8A3C6ACCEE859BEB6EE7C /* TabletRootView.swift */ = {isa = PBXFileReference; lastKnownFileType = sourcecode.swift; path = TabletRootView.swift; sourceTree = "<group>"; };
		410288DECCDA6B0F278D517A /* MobileAppViewModel.swift */ = {isa = PBXFileReference; lastKnownFileType = sourcecode.swift; path = MobileAppViewModel.swift; sourceTree = "<group>"; };
		582D4ABB589982477F4F9438 /* PhoneRootView.swift */ = {isa = PBXFileReference; lastKnownFileType = sourcecode.swift; path = PhoneRootView.swift; sourceTree = "<group>"; };
		64AD094B689190356A982FEF /* MobileNotificationDelegate.swift */ = {isa = PBXFileReference; lastKnownFileType = sourcecode.swift; path = MobileNotificationDelegate.swift; sourceTree = "<group>"; };
		65A27B273653311642704710 /* NucleusIOS.app */ = {isa = PBXFileReference; includeInIndex = 0; lastKnownFileType = wrapper.application; path = NucleusIOS.app; sourceTree = BUILT_PRODUCTS_DIR; };
		664B62CB990EAF86B1A20539 /* AppStoreScreenshotTests.swift */ = {isa = PBXFileReference; lastKnownFileType = sourcecode.swift; path = AppStoreScreenshotTests.swift; sourceTree = "<group>"; };
		6CCFCF3D2F070C5ECDA783A6 /* BillsScreen.swift */ = {isa = PBXFileReference; lastKnownFileType = sourcecode.swift; path = BillsScreen.swift; sourceTree = "<group>"; };
		76477181A5EF88E4D7FD011E /* Info.plist */ = {isa = PBXFileReference; lastKnownFileType = text.plist; path = Info.plist; sourceTree = "<group>"; };
		7A6646175307521CA4FB7197 /* MobileDeviceLockService.swift */ = {isa = PBXFileReference; lastKnownFileType = sourcecode.swift; path = MobileDeviceLockService.swift; sourceTree = "<group>"; };
		81DD1C5C00FFB3720FFE53A4 /* NucleusIOSApp.swift */ = {isa = PBXFileReference; lastKnownFileType = sourcecode.swift; path = NucleusIOSApp.swift; sourceTree = "<group>"; };
		90AA261687C8A9C21E2382A9 /* NucleusIOSScreenshots.xctest */ = {isa = PBXFileReference; includeInIndex = 0; lastKnownFileType = wrapper.cfbundle; path = NucleusIOSScreenshots.xctest; sourceTree = BUILT_PRODUCTS_DIR; };
		AB1164DBF72FEE31F022714C /* NucleusUI */ = {isa = PBXFileReference; lastKnownFileType = folder; name = NucleusUI; path = ../../Packages/NucleusUI; sourceTree = SOURCE_ROOT; };
		C422A213738E75FF396833E5 /* NucleusCore */ = {isa = PBXFileReference; lastKnownFileType = folder; name = NucleusCore; path = ../../Packages/NucleusCore; sourceTree = SOURCE_ROOT; };
		D5CF62ADA8B73D867AA59582 /* Assets.xcassets */ = {isa = PBXFileReference; lastKnownFileType = folder.assetcatalog; path = Assets.xcassets; sourceTree = "<group>"; };
		E28F99D70036651C4397E5BE /* ReleaseNotes.json */ = {isa = PBXFileReference; lastKnownFileType = text.json; path = ReleaseNotes.json; sourceTree = "<group>"; };
		FB8D424370D4A85FA42CBEB2 /* WorkspaceScreens.swift */ = {isa = PBXFileReference; lastKnownFileType = sourcecode.swift; path = WorkspaceScreens.swift; sourceTree = "<group>"; };
		FD103515078DE6204CE5CA18 /* CalendarScreen.swift */ = {isa = PBXFileReference; lastKnownFileType = sourcecode.swift; path = CalendarScreen.swift; sourceTree = "<group>"; };
/* End PBXFileReference section */

/* Begin PBXFrameworksBuildPhase section */
		454C2E09A42CCC00F35B69CF /* Frameworks */ = {
			isa = PBXFrameworksBuildPhase;
			buildActionMask = 2147483647;
			files = (
				67B42FF4E7AC2C6B3A30D967 /* NucleusCore in Frameworks */,
				210904D3A99922AF428A222B /* NucleusUI in Frameworks */,
			);
			runOnlyForDeploymentPostprocessing = 0;
		};
/* End PBXFrameworksBuildPhase section */

/* Begin PBXGroup section */
		26E6A3569465C997679EA11D /* Packages */ = {
			isa = PBXGroup;
			children = (
				C422A213738E75FF396833E5 /* NucleusCore */,
				AB1164DBF72FEE31F022714C /* NucleusUI */,
			);
			name = Packages;
			sourceTree = "<group>";
		};
		2C9423901469B4FB8AD518F6 /* Views */ = {
			isa = PBXGroup;
			children = (
				6CCFCF3D2F070C5ECDA783A6 /* BillsScreen.swift */,
				FD103515078DE6204CE5CA18 /* CalendarScreen.swift */,
				06B9D41100EF35CD76112D20 /* DashboardScreen.swift */,
				1EDD708A0AACBD1CAC9D42DE /* MobileDeviceLockScreen.swift */,
				05AD418210F4B4E322618BDF /* MobileRootView.swift */,
				582D4ABB589982477F4F9438 /* PhoneRootView.swift */,
				36C8A3C6ACCEE859BEB6EE7C /* TabletRootView.swift */,
				FB8D424370D4A85FA42CBEB2 /* WorkspaceScreens.swift */,
			);
			path = Views;
			sourceTree = "<group>";
		};
		85900F50C7623341D47F826D /* Resources */ = {
			isa = PBXGroup;
			children = (
				E28F99D70036651C4397E5BE /* ReleaseNotes.json */,
			);
			path = Resources;
			sourceTree = "<group>";
		};
		87AC0E0EBF0626B21BF3AC9F /* Products */ = {
			isa = PBXGroup;
			children = (
				65A27B273653311642704710 /* NucleusIOS.app */,
				90AA261687C8A9C21E2382A9 /* NucleusIOSScreenshots.xctest */,
			);
			name = Products;
			sourceTree = "<group>";
		};
		8CABE07558BD7A3860C30D9E /* NucleusIOS */ = {
			isa = PBXGroup;
			children = (
				D5CF62ADA8B73D867AA59582 /* Assets.xcassets */,
				76477181A5EF88E4D7FD011E /* Info.plist */,
				410288DECCDA6B0F278D517A /* MobileAppViewModel.swift */,
				7A6646175307521CA4FB7197 /* MobileDeviceLockService.swift */,
				64AD094B689190356A982FEF /* MobileNotificationDelegate.swift */,
				81DD1C5C00FFB3720FFE53A4 /* NucleusIOSApp.swift */,
				85900F50C7623341D47F826D /* Resources */,
				2C9423901469B4FB8AD518F6 /* Views */,
			);
			path = NucleusIOS;
			sourceTree = "<group>";
		};
		D02AB1D7EE82E5130B4948D2 = {
			isa = PBXGroup;
			children = (
				8CABE07558BD7A3860C30D9E /* NucleusIOS */,
				F476A1F883AD22CC0C5CE107 /* NucleusIOSScreenshots */,
				26E6A3569465C997679EA11D /* Packages */,
				87AC0E0EBF0626B21BF3AC9F /* Products */,
			);
			sourceTree = "<group>";
		};
		F476A1F883AD22CC0C5CE107 /* NucleusIOSScreenshots */ = {
			isa = PBXGroup;
			children = (
				664B62CB990EAF86B1A20539 /* AppStoreScreenshotTests.swift */,
			);
			path = NucleusIOSScreenshots;
			sourceTree = "<group>";
		};
/* End PBXGroup section */

/* Begin PBXNativeTarget section */
		1D7CC19FF529FBE9A73301BE /* NucleusIOSScreenshots */ = {
			isa = PBXNativeTarget;
			buildConfigurationList = 476A23DBAF78CC92F7022AF6 /* Build configuration list for PBXNativeTarget "NucleusIOSScreenshots" */;
			buildPhases = (
				A35AB991A2309A20B8E66BA2 /* Sources */,
			);
			buildRules = (
			);
			dependencies = (
				17AC7A425D365123A931A2A5 /* PBXTargetDependency */,
			);
			name = NucleusIOSScreenshots;
			packageProductDependencies = (
			);
			productName = NucleusIOSScreenshots;
			productReference = 90AA261687C8A9C21E2382A9 /* NucleusIOSScreenshots.xctest */;
			productType = "com.apple.product-type.bundle.ui-testing";
		};
		B94E763CD502A8AC37AEB2A4 /* NucleusIOS */ = {
			isa = PBXNativeTarget;
			buildConfigurationList = 90A4C1972F5FCB4C4FE324E4 /* Build configuration list for PBXNativeTarget "NucleusIOS" */;
			buildPhases = (
				8282BDEAB2D94F16C5D9D854 /* Sources */,
				51ECFF6E3E8B98515BC715CA /* Resources */,
				454C2E09A42CCC00F35B69CF /* Frameworks */,
			);
			buildRules = (
			);
			dependencies = (
			);
			name = NucleusIOS;
			packageProductDependencies = (
				EA9A5099159BBEB6D87E9569 /* NucleusCore */,
				21BB636267DAD37E532C79F5 /* NucleusUI */,
			);
			productName = NucleusIOS;
			productReference = 65A27B273653311642704710 /* NucleusIOS.app */;
			productType = "com.apple.product-type.application";
		};
/* End PBXNativeTarget section */

/* Begin PBXProject section */
		2F57A50CCAE4FAC65E2916B9 /* Project object */ = {
			isa = PBXProject;
			attributes = {
				BuildIndependentTargetsInParallel = YES;
				LastUpgradeCheck = 1430;
				TargetAttributes = {
					1D7CC19FF529FBE9A73301BE = {
						DevelopmentTeam = Q3TXW887NM;
						TestTargetID = B94E763CD502A8AC37AEB2A4;
					};
					B94E763CD502A8AC37AEB2A4 = {
						DevelopmentTeam = Q3TXW887NM;
						ProvisioningStyle = Automatic;
					};
				};
			};
			buildConfigurationList = DFBA0BECD7E85AC02F537829 /* Build configuration list for PBXProject "NucleusIOS" */;
			developmentRegion = en;
			hasScannedForEncodings = 0;
			knownRegions = (
				Base,
				en,
			);
			mainGroup = D02AB1D7EE82E5130B4948D2;
			minimizedProjectReferenceProxies = 1;
			packageReferences = (
				8B89FF2444B13128F6D3076E /* XCLocalSwiftPackageReference "../../Packages/NucleusCore" */,
				EBD231BCE547F76D64AACCCB /* XCLocalSwiftPackageReference "../../Packages/NucleusUI" */,
			);
			preferredProjectObjectVersion = 77;
			productRefGroup = 87AC0E0EBF0626B21BF3AC9F /* Products */;
			projectDirPath = "";
			projectRoot = "";
			targets = (
				B94E763CD502A8AC37AEB2A4 /* NucleusIOS */,
				1D7CC19FF529FBE9A73301BE /* NucleusIOSScreenshots */,
			);
		};
/* End PBXProject section */

/* Begin PBXResourcesBuildPhase section */
		51ECFF6E3E8B98515BC715CA /* Resources */ = {
			isa = PBXResourcesBuildPhase;
			buildActionMask = 2147483647;
			files = (
				8BD82BEA490EAE694B3C985A /* Assets.xcassets in Resources */,
				DEF49DDB5A6D71DEB4C809B4 /* ReleaseNotes.json in Resources */,
			);
			runOnlyForDeploymentPostprocessing = 0;
		};
/* End PBXResourcesBuildPhase section */

/* Begin PBXSourcesBuildPhase section */
		8282BDEAB2D94F16C5D9D854 /* Sources */ = {
			isa = PBXSourcesBuildPhase;
			buildActionMask = 2147483647;
			files = (
				F10991CF120092F92BC07F3F /* BillsScreen.swift in Sources */,
				8FA200E1337E685A2B49FCC5 /* CalendarScreen.swift in Sources */,
				6004B7EC765FD21122D95F5B /* DashboardScreen.swift in Sources */,
				EE8B885912FCE650739554D7 /* MobileAppViewModel.swift in Sources */,
				A7FC776FE5B29C9CEF8639F3 /* MobileDeviceLockScreen.swift in Sources */,
				DF8F38694F218A3EC1FB55A2 /* MobileDeviceLockService.swift in Sources */,
				27C07F83C8C5581BCD9A725E /* MobileNotificationDelegate.swift in Sources */,
				1454EB4D3E94990105825767 /* MobileRootView.swift in Sources */,
				9D77CD6F6518920313EAE8C4 /* NucleusIOSApp.swift in Sources */,
				E6FFEB68ED5C8F1C806D61CA /* PhoneRootView.swift in Sources */,
				2934702A576CAA7A5E412CF9 /* TabletRootView.swift in Sources */,
				6AE673DB077E872544D16D7D /* WorkspaceScreens.swift in Sources */,
			);
			runOnlyForDeploymentPostprocessing = 0;
		};
		A35AB991A2309A20B8E66BA2 /* Sources */ = {
			isa = PBXSourcesBuildPhase;
			buildActionMask = 2147483647;
			files = (
				263D2B374908679EA2154EDA /* AppStoreScreenshotTests.swift in Sources */,
			);
			runOnlyForDeploymentPostprocessing = 0;
		};
/* End PBXSourcesBuildPhase section */

/* Begin PBXTargetDependency section */
		17AC7A425D365123A931A2A5 /* PBXTargetDependency */ = {
			isa = PBXTargetDependency;
			target = B94E763CD502A8AC37AEB2A4 /* NucleusIOS */;
			targetProxy = 8CA0A0F19B274235D66D3312 /* PBXContainerItemProxy */;
		};
/* End PBXTargetDependency section */

/* Begin XCBuildConfiguration section */
		02B18CEAF34D31373B0385AE /* Release */ = {
			isa = XCBuildConfiguration;
			buildSettings = {
				ALWAYS_SEARCH_USER_PATHS = NO;
				CLANG_ANALYZER_NONNULL = YES;
				CLANG_ANALYZER_NUMBER_OBJECT_CONVERSION = YES_AGGRESSIVE;
				CLANG_CXX_LANGUAGE_STANDARD = "gnu++14";
				CLANG_CXX_LIBRARY = "libc++";
				CLANG_ENABLE_MODULES = YES;
				CLANG_ENABLE_OBJC_ARC = YES;
				CLANG_ENABLE_OBJC_WEAK = YES;
				CLANG_WARN_BLOCK_CAPTURE_AUTORELEASING = YES;
				CLANG_WARN_BOOL_CONVERSION = YES;
				CLANG_WARN_COMMA = YES;
				CLANG_WARN_CONSTANT_CONVERSION = YES;
				CLANG_WARN_DEPRECATED_OBJC_IMPLEMENTATIONS = YES;
				CLANG_WARN_DIRECT_OBJC_ISA_USAGE = YES_ERROR;
				CLANG_WARN_DOCUMENTATION_COMMENTS = YES;
				CLANG_WARN_EMPTY_BODY = YES;
				CLANG_WARN_ENUM_CONVERSION = YES;
				CLANG_WARN_INFINITE_RECURSION = YES;
				CLANG_WARN_INT_CONVERSION = YES;
				CLANG_WARN_NON_LITERAL_NULL_CONVERSION = YES;
				CLANG_WARN_OBJC_IMPLICIT_RETAIN_SELF = YES;
				CLANG_WARN_OBJC_LITERAL_CONVERSION = YES;
				CLANG_WARN_OBJC_ROOT_CLASS = YES_ERROR;
				CLANG_WARN_QUOTED_INCLUDE_IN_FRAMEWORK_HEADER = YES;
				CLANG_WARN_RANGE_LOOP_ANALYSIS = YES;
				CLANG_WARN_STRICT_PROTOTYPES = YES;
				CLANG_WARN_SUSPICIOUS_MOVE = YES;
				CLANG_WARN_UNGUARDED_AVAILABILITY = YES_AGGRESSIVE;
				CLANG_WARN_UNREACHABLE_CODE = YES;
				CLANG_WARN__DUPLICATE_METHOD_MATCH = YES;
				COPY_PHASE_STRIP = NO;
				DEBUG_INFORMATION_FORMAT = "dwarf-with-dsym";
				ENABLE_NS_ASSERTIONS = NO;
				ENABLE_STRICT_OBJC_MSGSEND = YES;
				GCC_C_LANGUAGE_STANDARD = gnu11;
				GCC_NO_COMMON_BLOCKS = YES;
				GCC_WARN_64_TO_32_BIT_CONVERSION = YES;
				GCC_WARN_ABOUT_RETURN_TYPE = YES_ERROR;
				GCC_WARN_UNDECLARED_SELECTOR = YES;
				GCC_WARN_UNINITIALIZED_AUTOS = YES_AGGRESSIVE;
				GCC_WARN_UNUSED_FUNCTION = YES;
				GCC_WARN_UNUSED_VARIABLE = YES;
				IPHONEOS_DEPLOYMENT_TARGET = 17.0;
				MTL_ENABLE_DEBUG_INFO = NO;
				MTL_FAST_MATH = YES;
				PRODUCT_NAME = "$(TARGET_NAME)";
				SDKROOT = iphoneos;
				SWIFT_COMPILATION_MODE = wholemodule;
				SWIFT_OPTIMIZATION_LEVEL = "-O";
				SWIFT_VERSION = 5.9;
			};
			name = Release;
		};
		3C34BBDC99278AE7341429BB /* Release */ = {
			isa = XCBuildConfiguration;
			buildSettings = {
				ASSETCATALOG_COMPILER_APPICON_NAME = AppIcon;
				CODE_SIGN_ENTITLEMENTS = NucleusIOS/entitlements.ios.plist;
				CODE_SIGN_IDENTITY = "iPhone Developer";
				CODE_SIGN_STYLE = Automatic;
				CURRENT_PROJECT_VERSION = 3;
				DEVELOPMENT_TEAM = Q3TXW887NM;
				INFOPLIST_FILE = NucleusIOS/Info.plist;
				LD_RUNPATH_SEARCH_PATHS = (
					"$(inherited)",
					"@executable_path/Frameworks",
				);
				MARKETING_VERSION = 1.0.2;
				PRODUCT_BUNDLE_IDENTIFIER = net.suherman.nucleus;
				SDKROOT = iphoneos;
				SUPPORTS_MACCATALYST = NO;
				TARGETED_DEVICE_FAMILY = "1,2";
			};
			name = Release;
		};
		506C63AC76DBD75AAA89D07F /* Debug */ = {
			isa = XCBuildConfiguration;
			buildSettings = {
				ASSETCATALOG_COMPILER_APPICON_NAME = AppIcon;
				CODE_SIGN_ENTITLEMENTS = NucleusIOS/entitlements.ios.plist;
				CODE_SIGN_IDENTITY = "iPhone Developer";
				CODE_SIGN_STYLE = Automatic;
				CURRENT_PROJECT_VERSION = 3;
				DEVELOPMENT_TEAM = Q3TXW887NM;
				INFOPLIST_FILE = NucleusIOS/Info.plist;
				LD_RUNPATH_SEARCH_PATHS = (
					"$(inherited)",
					"@executable_path/Frameworks",
				);
				MARKETING_VERSION = 1.0.2;
				PRODUCT_BUNDLE_IDENTIFIER = net.suherman.nucleus;
				SDKROOT = iphoneos;
				SUPPORTS_MACCATALYST = NO;
				TARGETED_DEVICE_FAMILY = "1,2";
			};
			name = Debug;
		};
		71EA867A1C56F5539323859F /* Debug */ = {
			isa = XCBuildConfiguration;
			buildSettings = {
				ALWAYS_SEARCH_USER_PATHS = NO;
				CLANG_ANALYZER_NONNULL = YES;
				CLANG_ANALYZER_NUMBER_OBJECT_CONVERSION = YES_AGGRESSIVE;
				CLANG_CXX_LANGUAGE_STANDARD = "gnu++14";
				CLANG_CXX_LIBRARY = "libc++";
				CLANG_ENABLE_MODULES = YES;
				CLANG_ENABLE_OBJC_ARC = YES;
				CLANG_ENABLE_OBJC_WEAK = YES;
				CLANG_WARN_BLOCK_CAPTURE_AUTORELEASING = YES;
				CLANG_WARN_BOOL_CONVERSION = YES;
				CLANG_WARN_COMMA = YES;
				CLANG_WARN_CONSTANT_CONVERSION = YES;
				CLANG_WARN_DEPRECATED_OBJC_IMPLEMENTATIONS = YES;
				CLANG_WARN_DIRECT_OBJC_ISA_USAGE = YES_ERROR;
				CLANG_WARN_DOCUMENTATION_COMMENTS = YES;
				CLANG_WARN_EMPTY_BODY = YES;
				CLANG_WARN_ENUM_CONVERSION = YES;
				CLANG_WARN_INFINITE_RECURSION = YES;
				CLANG_WARN_INT_CONVERSION = YES;
				CLANG_WARN_NON_LITERAL_NULL_CONVERSION = YES;
				CLANG_WARN_OBJC_IMPLICIT_RETAIN_SELF = YES;
				CLANG_WARN_OBJC_LITERAL_CONVERSION = YES;
				CLANG_WARN_OBJC_ROOT_CLASS = YES_ERROR;
				CLANG_WARN_QUOTED_INCLUDE_IN_FRAMEWORK_HEADER = YES;
				CLANG_WARN_RANGE_LOOP_ANALYSIS = YES;
				CLANG_WARN_STRICT_PROTOTYPES = YES;
				CLANG_WARN_SUSPICIOUS_MOVE = YES;
				CLANG_WARN_UNGUARDED_AVAILABILITY = YES_AGGRESSIVE;
				CLANG_WARN_UNREACHABLE_CODE = YES;
				CLANG_WARN__DUPLICATE_METHOD_MATCH = YES;
				COPY_PHASE_STRIP = NO;
				DEBUG_INFORMATION_FORMAT = dwarf;
				ENABLE_STRICT_OBJC_MSGSEND = YES;
				ENABLE_TESTABILITY = YES;
				GCC_C_LANGUAGE_STANDARD = gnu11;
				GCC_DYNAMIC_NO_PIC = NO;
				GCC_NO_COMMON_BLOCKS = YES;
				GCC_OPTIMIZATION_LEVEL = 0;
				GCC_PREPROCESSOR_DEFINITIONS = (
					"$(inherited)",
					"DEBUG=1",
				);
				GCC_WARN_64_TO_32_BIT_CONVERSION = YES;
				GCC_WARN_ABOUT_RETURN_TYPE = YES_ERROR;
				GCC_WARN_UNDECLARED_SELECTOR = YES;
				GCC_WARN_UNINITIALIZED_AUTOS = YES_AGGRESSIVE;
				GCC_WARN_UNUSED_FUNCTION = YES;
				GCC_WARN_UNUSED_VARIABLE = YES;
				IPHONEOS_DEPLOYMENT_TARGET = 17.0;
				MTL_ENABLE_DEBUG_INFO = INCLUDE_SOURCE;
				MTL_FAST_MATH = YES;
				ONLY_ACTIVE_ARCH = YES;
				PRODUCT_NAME = "$(TARGET_NAME)";
				SDKROOT = iphoneos;
				SWIFT_ACTIVE_COMPILATION_CONDITIONS = DEBUG;
				SWIFT_OPTIMIZATION_LEVEL = "-Onone";
				SWIFT_VERSION = 5.9;
			};
			name = Debug;
		};
		B58DFF6BF3CDC4D753249BB9 /* Release */ = {
			isa = XCBuildConfiguration;
			buildSettings = {
				BUNDLE_LOADER = "$(TEST_HOST)";
				DEVELOPMENT_TEAM = Q3TXW887NM;
				GENERATE_INFOPLIST_FILE = YES;
				LD_RUNPATH_SEARCH_PATHS = (
					"$(inherited)",
					"@executable_path/Frameworks",
					"@loader_path/Frameworks",
				);
				PRODUCT_BUNDLE_IDENTIFIER = net.suherman.nucleus.screenshots;
				SDKROOT = iphoneos;
				TARGETED_DEVICE_FAMILY = "1,2";
				TEST_TARGET_NAME = NucleusIOS;
			};
			name = Release;
		};
		FA95777EE3D46D5014B8D3BE /* Debug */ = {
			isa = XCBuildConfiguration;
			buildSettings = {
				BUNDLE_LOADER = "$(TEST_HOST)";
				DEVELOPMENT_TEAM = Q3TXW887NM;
				GENERATE_INFOPLIST_FILE = YES;
				LD_RUNPATH_SEARCH_PATHS = (
					"$(inherited)",
					"@executable_path/Frameworks",
					"@loader_path/Frameworks",
				);
				PRODUCT_BUNDLE_IDENTIFIER = net.suherman.nucleus.screenshots;
				SDKROOT = iphoneos;
				TARGETED_DEVICE_FAMILY = "1,2";
				TEST_TARGET_NAME = NucleusIOS;
			};
			name = Debug;
		};
/* End XCBuildConfiguration section */

/* Begin XCConfigurationList section */
		476A23DBAF78CC92F7022AF6 /* Build configuration list for PBXNativeTarget "NucleusIOSScreenshots" */ = {
			isa = XCConfigurationList;
			buildConfigurations = (
				FA95777EE3D46D5014B8D3BE /* Debug */,
				B58DFF6BF3CDC4D753249BB9 /* Release */,
			);
			defaultConfigurationIsVisible = 0;
			defaultConfigurationName = Debug;
		};
		90A4C1972F5FCB4C4FE324E4 /* Build configuration list for PBXNativeTarget "NucleusIOS" */ = {
			isa = XCConfigurationList;
			buildConfigurations = (
				506C63AC76DBD75AAA89D07F /* Debug */,
				3C34BBDC99278AE7341429BB /* Release */,
			);
			defaultConfigurationIsVisible = 0;
			defaultConfigurationName = Debug;
		};
		DFBA0BECD7E85AC02F537829 /* Build configuration list for PBXProject "NucleusIOS" */ = {
			isa = XCConfigurationList;
			buildConfigurations = (
				71EA867A1C56F5539323859F /* Debug */,
				02B18CEAF34D31373B0385AE /* Release */,
			);
			defaultConfigurationIsVisible = 0;
			defaultConfigurationName = Debug;
		};
/* End XCConfigurationList section */

/* Begin XCLocalSwiftPackageReference section */
		8B89FF2444B13128F6D3076E /* XCLocalSwiftPackageReference "../../Packages/NucleusCore" */ = {
			isa = XCLocalSwiftPackageReference;
			relativePath = ../../Packages/NucleusCore;
		};
		EBD231BCE547F76D64AACCCB /* XCLocalSwiftPackageReference "../../Packages/NucleusUI" */ = {
			isa = XCLocalSwiftPackageReference;
			relativePath = ../../Packages/NucleusUI;
		};
/* End XCLocalSwiftPackageReference section */

/* Begin XCSwiftPackageProductDependency section */
		21BB636267DAD37E532C79F5 /* NucleusUI */ = {
			isa = XCSwiftPackageProductDependency;
			productName = NucleusUI;
		};
		EA9A5099159BBEB6D87E9569 /* NucleusCore */ = {
			isa = XCSwiftPackageProductDependency;
			productName = NucleusCore;
		};
/* End XCSwiftPackageProductDependency section */
	};
	rootObject = 2F57A50CCAE4FAC65E2916B9 /* Project object */;
}
